{
  "originHash" : "fabf412b37876aec162d7a166eeac275950a28ec25bf2a551982d1be8d88c5c5",
  "pins" : [
    {
      "identity" : "lottie-spm",
      "kind" : "remoteSourceControl",
      "location" : "https://github.com/airbnb/lottie-spm.git",
      "state" : {
        "revision" : "b842598f1295f3ffa1475b1580672d1fe5b83580",
        "version" : "4.5.0"
      }
    },
    {
      "identity" : "sdwebimage",
      "kind" : "remoteSourceControl",
      "location" : "https://github.com/SDWebImage/SDWebImage.git",
      "state" : {
        "revision" : "f6afa0132961d593f07970d84e2d8b588c29ea04",
        "version" : "5.19.1"
      }
    },
    {
      "identity" : "sdwebimagesvgcoder",
      "kind" : "remoteSourceControl",
      "location" : "https://github.com/SDWebImage/SDWebImageSVGCoder.git",
      "state" : {
        "revision" : "950167445ab703740569869c8b7510efc9d09a26",
        "version" : "1.7.0"
      }
    },
    {
      "identity" : "swift-snapshot-testing",
      "kind" : "remoteSourceControl",
      "location" : "https://github.com/pointfreeco/swift-snapshot-testing.git",
      "state" : {
        "revision" : "42a086182681cf661f5c47c9b7dc3931de18c6d7",
        "version" : "1.17.6"
      }
    },
    {
      "identity" : "swift-syntax",
      "kind" : "remoteSourceControl",
      "location" : "https://github.com/swiftlang/swift-syntax",
      "state" : {
        "revision" : "0687f71944021d616d34d922343dcef086855920",
        "version" : "600.0.1"
      }
    }
  ],
  "version" : 3
}
