// !$*UTF8*$!
{
	archiveVersion = 1;
	classes = {
	};
	objectVersion = 50;
	objects = {

/* Begin PBXBuildFile section */
		B413033724B75D6700212D16 /* Assets.xcassets in Resources */ = {isa = PBXBuildFile; fileRef = B413033624B75D6700212D16 /* Assets.xcassets */; };
		B413036B24B78C2200212D16 /* Bundle+Mistica.swift in Sources */ = {isa = PBXBuildFile; fileRef = B413036A24B78C2200212D16 /* Bundle+Mistica.swift */; };
		B413036F24B84F8900212D16 /* AssetType.swift in Sources */ = {isa = PBXBuildFile; fileRef = B413036E24B84F8900212D16 /* AssetType.swift */; };
		B41303CE24B8637C00212D16 /* UITableViewHeaderFooterView+Utils.swift in Sources */ = {isa = PBXBuildFile; fileRef = B41303CD24B8637C00212D16 /* UITableViewHeaderFooterView+Utils.swift */; };
		B4D8EC5124B4CB33002F3AD5 /* FeedbackStyle+Toolkit.swift in Sources */ = {isa = PBXBuildFile; fileRef = B4D8EBB624B4CB31002F3AD5 /* FeedbackStyle+Toolkit.swift */; };
		B4D8EC5224B4CB33002F3AD5 /* FeedbackViewController.swift in Sources */ = {isa = PBXBuildFile; fileRef = B4D8EBB724B4CB31002F3AD5 /* FeedbackViewController.swift */; };
		B4D8EC5324B4CB33002F3AD5 /* FeedbackUIAssets.swift in Sources */ = {isa = PBXBuildFile; fileRef = B4D8EBB824B4CB31002F3AD5 /* FeedbackUIAssets.swift */; };
		B4D8EC5C24B4CB33002F3AD5 /* FeedbackConfiguration.swift in Sources */ = {isa = PBXBuildFile; fileRef = B4D8EBC424B4CB32002F3AD5 /* FeedbackConfiguration.swift */; };
		B4D8EC5E24B4CB33002F3AD5 /* FeedbackView.swift in Sources */ = {isa = PBXBuildFile; fileRef = B4D8EBC724B4CB32002F3AD5 /* FeedbackView.swift */; };
		B4D8EC5F24B4CB33002F3AD5 /* ScrollContentIndicatorStyle.swift in Sources */ = {isa = PBXBuildFile; fileRef = B4D8EBC924B4CB32002F3AD5 /* ScrollContentIndicatorStyle.swift */; };
		B4D8EC6324B4CB33002F3AD5 /* ScrollContentIndicator.swift in Sources */ = {isa = PBXBuildFile; fileRef = B4D8EBCF24B4CB32002F3AD5 /* ScrollContentIndicator.swift */; };
		B4D8EC6424B4CB33002F3AD5 /* UIViewPropertyAnimator+InputField.swift in Sources */ = {isa = PBXBuildFile; fileRef = B4D8EBD124B4CB32002F3AD5 /* UIViewPropertyAnimator+InputField.swift */; };
		B4D8EC6524B4CB33002F3AD5 /* InputFieldStyle+Toolkit.swift in Sources */ = {isa = PBXBuildFile; fileRef = B4D8EBD224B4CB32002F3AD5 /* InputFieldStyle+Toolkit.swift */; };
		B4D8EC6624B4CB33002F3AD5 /* InputFieldAssets.swift in Sources */ = {isa = PBXBuildFile; fileRef = B4D8EBD324B4CB32002F3AD5 /* InputFieldAssets.swift */; };
		B4D8EC6724B4CB33002F3AD5 /* InputFieldDelegate.swift in Sources */ = {isa = PBXBuildFile; fileRef = B4D8EBD424B4CB32002F3AD5 /* InputFieldDelegate.swift */; };
		B4D8EC6B24B4CB33002F3AD5 /* TextInput.swift in Sources */ = {isa = PBXBuildFile; fileRef = B4D8EBDA24B4CB32002F3AD5 /* TextInput.swift */; };
		B4D8EC6C24B4CB33002F3AD5 /* InputField.swift in Sources */ = {isa = PBXBuildFile; fileRef = B4D8EBDB24B4CB32002F3AD5 /* InputField.swift */; };
		B4D8EC6E24B4CB33002F3AD5 /* EmailInputFieldValidationStrategy.swift in Sources */ = {isa = PBXBuildFile; fileRef = B4D8EBDE24B4CB32002F3AD5 /* EmailInputFieldValidationStrategy.swift */; };
		B4D8EC6F24B4CB33002F3AD5 /* PhoneNumberInputFieldValidationStrategy.swift in Sources */ = {isa = PBXBuildFile; fileRef = B4D8EBDF24B4CB32002F3AD5 /* PhoneNumberInputFieldValidationStrategy.swift */; };
		B4D8EC7024B4CB33002F3AD5 /* PasswordInputFieldValidationStrategy.swift in Sources */ = {isa = PBXBuildFile; fileRef = B4D8EBE024B4CB32002F3AD5 /* PasswordInputFieldValidationStrategy.swift */; };
		B4D8EC7124B4CB33002F3AD5 /* InputFieldValidationStrategy.swift in Sources */ = {isa = PBXBuildFile; fileRef = B4D8EBE124B4CB32002F3AD5 /* InputFieldValidationStrategy.swift */; };
		B4D8EC7524B4CB33002F3AD5 /* IntrinsicMaxButtonWidthContainerView.swift in Sources */ = {isa = PBXBuildFile; fileRef = B4D8EBE924B4CB32002F3AD5 /* IntrinsicMaxButtonWidthContainerView.swift */; };
		B4D8EC7624B4CB33002F3AD5 /* HeaderView.swift in Sources */ = {isa = PBXBuildFile; fileRef = B4D8EBEA24B4CB32002F3AD5 /* HeaderView.swift */; };
		B4D8EC7724B4CB33002F3AD5 /* HeaderViewStyle.swift in Sources */ = {isa = PBXBuildFile; fileRef = B4D8EBEB24B4CB32002F3AD5 /* HeaderViewStyle.swift */; };
		B4D8EC7824B4CB33002F3AD5 /* SectionTitleHeaderView.swift in Sources */ = {isa = PBXBuildFile; fileRef = B4D8EBED24B4CB32002F3AD5 /* SectionTitleHeaderView.swift */; };
		B4D8EC7B24B4CB33002F3AD5 /* BadgeView.swift in Sources */ = {isa = PBXBuildFile; fileRef = B4D8EBF324B4CB32002F3AD5 /* BadgeView.swift */; };
		B4D8EC7C24B4CB33002F3AD5 /* NovumBarButtonItem.swift in Sources */ = {isa = PBXBuildFile; fileRef = B4D8EBF424B4CB32002F3AD5 /* NovumBarButtonItem.swift */; };
		B4D8EC8124B4CB33002F3AD5 /* IntrinsictImageView.swift in Sources */ = {isa = PBXBuildFile; fileRef = B4D8EBFC24B4CB32002F3AD5 /* IntrinsictImageView.swift */; };
		B4D8EC8224B4CB33002F3AD5 /* IntrinsictHeightLabel.swift in Sources */ = {isa = PBXBuildFile; fileRef = B4D8EBFD24B4CB32002F3AD5 /* IntrinsictHeightLabel.swift */; };
		B4D8EC8824B4CB33002F3AD5 /* CroutonConfig.swift in Sources */ = {isa = PBXBuildFile; fileRef = B4D8EC0724B4CB32002F3AD5 /* CroutonConfig.swift */; };
		B4D8EC8924B4CB33002F3AD5 /* CroutonView.swift in Sources */ = {isa = PBXBuildFile; fileRef = B4D8EC0924B4CB32002F3AD5 /* CroutonView.swift */; };
		B4D8EC8A24B4CB33002F3AD5 /* CroutonController.swift in Sources */ = {isa = PBXBuildFile; fileRef = B4D8EC0A24B4CB32002F3AD5 /* CroutonController.swift */; };
		B4D8EC8B24B4CB33002F3AD5 /* CustomCroutonContainer.swift in Sources */ = {isa = PBXBuildFile; fileRef = B4D8EC0B24B4CB32002F3AD5 /* CustomCroutonContainer.swift */; };
		B4D8EC8C24B4CB33002F3AD5 /* SegmentCell.swift in Sources */ = {isa = PBXBuildFile; fileRef = B4D8EC0D24B4CB32002F3AD5 /* SegmentCell.swift */; };
		B4D8EC8D24B4CB33002F3AD5 /* SegmentSelector.swift in Sources */ = {isa = PBXBuildFile; fileRef = B4D8EC0E24B4CB32002F3AD5 /* SegmentSelector.swift */; };
		B4D8EC9324B4CB33002F3AD5 /* Segment.swift in Sources */ = {isa = PBXBuildFile; fileRef = B4D8EC1624B4CB33002F3AD5 /* Segment.swift */; };
		B4D8EC9524B4CB33002F3AD5 /* SegmentSelectorCenteredContentLayout.swift in Sources */ = {isa = PBXBuildFile; fileRef = B4D8EC1924B4CB33002F3AD5 /* SegmentSelectorCenteredContentLayout.swift */; };
		B4D8EC9624B4CB33002F3AD5 /* LoadErrorViewControllerLifecycleDelegate.swift in Sources */ = {isa = PBXBuildFile; fileRef = B4D8EC1B24B4CB33002F3AD5 /* LoadErrorViewControllerLifecycleDelegate.swift */; };
		B4D8EC9824B4CB33002F3AD5 /* LoadErrorViewController.swift in Sources */ = {isa = PBXBuildFile; fileRef = B4D8EC1F24B4CB33002F3AD5 /* LoadErrorViewController.swift */; };
		B4D8EC9A24B4CB33002F3AD5 /* LoadErrorViewControllerDelegate.swift in Sources */ = {isa = PBXBuildFile; fileRef = B4D8EC2124B4CB33002F3AD5 /* LoadErrorViewControllerDelegate.swift */; };
		B4D8EC9B24B4CB33002F3AD5 /* ButtonContentView.swift in Sources */ = {isa = PBXBuildFile; fileRef = B4D8EC2324B4CB33002F3AD5 /* ButtonContentView.swift */; };
		B4D8ECA024B4CB33002F3AD5 /* ButtonStyle+Toolkit.swift in Sources */ = {isa = PBXBuildFile; fileRef = B4D8EC2A24B4CB33002F3AD5 /* ButtonStyle+Toolkit.swift */; };
		B4D8ECA124B4CB33002F3AD5 /* Button.swift in Sources */ = {isa = PBXBuildFile; fileRef = B4D8EC2B24B4CB33002F3AD5 /* Button.swift */; };
		B4D8ECA224B4CB33002F3AD5 /* ListView.swift in Sources */ = {isa = PBXBuildFile; fileRef = B4D8EC2D24B4CB33002F3AD5 /* ListView.swift */; };
		B4D8ECA324B4CB33002F3AD5 /* NavigationPresetView.swift in Sources */ = {isa = PBXBuildFile; fileRef = B4D8EC2F24B4CB33002F3AD5 /* NavigationPresetView.swift */; };
		B4D8ECA424B4CB33002F3AD5 /* VerticallyCenteredPresetView.swift in Sources */ = {isa = PBXBuildFile; fileRef = B4D8EC3024B4CB33002F3AD5 /* VerticallyCenteredPresetView.swift */; };
		B4D8ECA924B4CB33002F3AD5 /* CellCenterSectionView.swift in Sources */ = {isa = PBXBuildFile; fileRef = B4D8EC3824B4CB33002F3AD5 /* CellCenterSectionView.swift */; };
		B4D8ECAA24B4CB33002F3AD5 /* CellLeftSectionView.swift in Sources */ = {isa = PBXBuildFile; fileRef = B4D8EC3924B4CB33002F3AD5 /* CellLeftSectionView.swift */; };
		B4D8ECAB24B4CB33002F3AD5 /* ListCellView.swift in Sources */ = {isa = PBXBuildFile; fileRef = B4D8EC3A24B4CB33002F3AD5 /* ListCellView.swift */; };
		B4D8ECAC24B4CB33002F3AD5 /* ListCellStyle+Toolkit.swift in Sources */ = {isa = PBXBuildFile; fileRef = B4D8EC3B24B4CB33002F3AD5 /* ListCellStyle+Toolkit.swift */; };
		B4D8ECB124B4CB33002F3AD5 /* TagView.swift in Sources */ = {isa = PBXBuildFile; fileRef = B4D8EC4324B4CB33002F3AD5 /* TagView.swift */; };
		B4D8ECB224B4CB33002F3AD5 /* ValidatableView.swift in Sources */ = {isa = PBXBuildFile; fileRef = B4D8EC4524B4CB33002F3AD5 /* ValidatableView.swift */; };
		B4D8ECB524B4CB33002F3AD5 /* FormView.swift in Sources */ = {isa = PBXBuildFile; fileRef = B4D8EC4B24B4CB33002F3AD5 /* FormView.swift */; };
		B4D8ECBE24B4CFB7002F3AD5 /* MovistarColorPalette.swift in Sources */ = {isa = PBXBuildFile; fileRef = B4D8ECB924B4CFB7002F3AD5 /* MovistarColorPalette.swift */; };
		B4D8ECBF24B4CFB7002F3AD5 /* VivoColorPalette.swift in Sources */ = {isa = PBXBuildFile; fileRef = B4D8ECBA24B4CFB7002F3AD5 /* VivoColorPalette.swift */; };
		B4D8ECC024B4CFB7002F3AD5 /* ColorToolkit.swift in Sources */ = {isa = PBXBuildFile; fileRef = B4D8ECBB24B4CFB7002F3AD5 /* ColorToolkit.swift */; };
		B4D8ECC124B4CFB7002F3AD5 /* ColorPalette.swift in Sources */ = {isa = PBXBuildFile; fileRef = B4D8ECBC24B4CFB7002F3AD5 /* ColorPalette.swift */; };
		B4D8ECC224B4CFB7002F3AD5 /* O2ColorPalette.swift in Sources */ = {isa = PBXBuildFile; fileRef = B4D8ECBD24B4CFB7002F3AD5 /* O2ColorPalette.swift */; };
		B4D8ECC424B4D05D002F3AD5 /* BrandStyle.swift in Sources */ = {isa = PBXBuildFile; fileRef = B4D8ECC324B4D05D002F3AD5 /* BrandStyle.swift */; };
		B4D8ECC624B4D0DC002F3AD5 /* UIColor+Utils.swift in Sources */ = {isa = PBXBuildFile; fileRef = B4D8ECC524B4D0DC002F3AD5 /* UIColor+Utils.swift */; };
		B4D8ECCB24B4D26B002F3AD5 /* ThemeVariant.swift in Sources */ = {isa = PBXBuildFile; fileRef = B4D8ECC824B4D26B002F3AD5 /* ThemeVariant.swift */; };
		B4D8ECCC24B4D26B002F3AD5 /* AssetCatalog+Themed.swift in Sources */ = {isa = PBXBuildFile; fileRef = B4D8ECC924B4D26B002F3AD5 /* AssetCatalog+Themed.swift */; };
		B4D8ECD224B4D721002F3AD5 /* FontSize.swift in Sources */ = {isa = PBXBuildFile; fileRef = B4D8ECCF24B4D721002F3AD5 /* FontSize.swift */; };
		B4D8ECD324B4D721002F3AD5 /* FontStyle.swift in Sources */ = {isa = PBXBuildFile; fileRef = B4D8ECD024B4D721002F3AD5 /* FontStyle.swift */; };
		B4D8ECD424B4D721002F3AD5 /* FontToolkit.swift in Sources */ = {isa = PBXBuildFile; fileRef = B4D8ECD124B4D721002F3AD5 /* FontToolkit.swift */; };
		B4D8ECD624B4D9B1002F3AD5 /* UIView+Utils.swift in Sources */ = {isa = PBXBuildFile; fileRef = B4D8ECD524B4D9B1002F3AD5 /* UIView+Utils.swift */; };
		B4D8ECDA24B4DA87002F3AD5 /* BoundsChangeInvalidatingFlowLayout.swift in Sources */ = {isa = PBXBuildFile; fileRef = B4D8ECD924B4DA87002F3AD5 /* BoundsChangeInvalidatingFlowLayout.swift */; };
		B4D8ECDD24B4DAB6002F3AD5 /* ScrollStackView.swift in Sources */ = {isa = PBXBuildFile; fileRef = B4D8ECDC24B4DAB6002F3AD5 /* ScrollStackView.swift */; };
		B4D8ECDF24B4DD2D002F3AD5 /* GradientView.swift in Sources */ = {isa = PBXBuildFile; fileRef = B4D8ECDE24B4DD2D002F3AD5 /* GradientView.swift */; };
		B4D8ECE324B4DD60002F3AD5 /* SeparatorView.swift in Sources */ = {isa = PBXBuildFile; fileRef = B4D8ECE224B4DD60002F3AD5 /* SeparatorView.swift */; };
		B4D8ED0024B5B513002F3AD5 /* PaddingLabel.swift in Sources */ = {isa = PBXBuildFile; fileRef = B4D8ECFF24B5B512002F3AD5 /* PaddingLabel.swift */; };
		B4D8ED0924B5B596002F3AD5 /* UIBarButtonItem+Utils.swift in Sources */ = {isa = PBXBuildFile; fileRef = B4D8ED0324B5B596002F3AD5 /* UIBarButtonItem+Utils.swift */; };
		B4D8ED1224B5B6E9002F3AD5 /* String+Utils.swift in Sources */ = {isa = PBXBuildFile; fileRef = B4D8ED1124B5B6E9002F3AD5 /* String+Utils.swift */; };
		B4D8ED1B24B5B8C0002F3AD5 /* UIStackView+Utils.swift in Sources */ = {isa = PBXBuildFile; fileRef = B4D8ED1A24B5B8BF002F3AD5 /* UIStackView+Utils.swift */; };
		B4D8ED1D24B5B92F002F3AD5 /* CGSize+Utils.swift in Sources */ = {isa = PBXBuildFile; fileRef = B4D8ED1C24B5B92F002F3AD5 /* CGSize+Utils.swift */; };
		B4D8ED1F24B5BA53002F3AD5 /* IntrinsicHeightTextView.swift in Sources */ = {isa = PBXBuildFile; fileRef = B4D8ED1E24B5BA53002F3AD5 /* IntrinsicHeightTextView.swift */; };
		B4D8ED2324B5C5AA002F3AD5 /* KeyboardNotificationCenter.swift in Sources */ = {isa = PBXBuildFile; fileRef = B4D8ED2124B5C5AA002F3AD5 /* KeyboardNotificationCenter.swift */; };
		B4D8ED2424B5C5AA002F3AD5 /* KeyboardInfo.swift in Sources */ = {isa = PBXBuildFile; fileRef = B4D8ED2224B5C5AA002F3AD5 /* KeyboardInfo.swift */; };
		B4D8ED2624B5C5FE002F3AD5 /* CheckBoxAssets.swift in Sources */ = {isa = PBXBuildFile; fileRef = B4D8ED2524B5C5FE002F3AD5 /* CheckBoxAssets.swift */; };
		B4D8ED2824B5C674002F3AD5 /* UIButton+Utils.swift in Sources */ = {isa = PBXBuildFile; fileRef = B4D8ED2724B5C674002F3AD5 /* UIButton+Utils.swift */; };
		B4D8ED2A24B5C6C2002F3AD5 /* UIImage+Utils.swift in Sources */ = {isa = PBXBuildFile; fileRef = B4D8ED2924B5C6C2002F3AD5 /* UIImage+Utils.swift */; };
		B4D8ED2C24B5C718002F3AD5 /* PreprocessorChecks.swift in Sources */ = {isa = PBXBuildFile; fileRef = B4D8ED2B24B5C718002F3AD5 /* PreprocessorChecks.swift */; };
		B4D8ED2E24B5C7A4002F3AD5 /* Optional+Utils.swift in Sources */ = {isa = PBXBuildFile; fileRef = B4D8ED2D24B5C7A4002F3AD5 /* Optional+Utils.swift */; };
		B4D8ED3024B5C819002F3AD5 /* UITableViewCell+Utils.swift in Sources */ = {isa = PBXBuildFile; fileRef = B4D8ED2F24B5C819002F3AD5 /* UITableViewCell+Utils.swift */; };
		B4D8ED3224B5C844002F3AD5 /* UICollectionViewCell+Utils.swift in Sources */ = {isa = PBXBuildFile; fileRef = B4D8ED3124B5C843002F3AD5 /* UICollectionViewCell+Utils.swift */; };
		B4D8ED3424B5D650002F3AD5 /* Array+NSAttributedString.swift in Sources */ = {isa = PBXBuildFile; fileRef = B4D8ED3324B5D650002F3AD5 /* Array+NSAttributedString.swift */; };
		B4D8ED3824B5EF85002F3AD5 /* Mistica.swift in Sources */ = {isa = PBXBuildFile; fileRef = B4D8ED3724B5EF85002F3AD5 /* Mistica.swift */; };
		B4DFA1D224B723C1004C908E /* Lottie.framework in Frameworks */ = {isa = PBXBuildFile; fileRef = B4DFA1D124B723C1004C908E /* Lottie.framework */; };
		B4DFA1D424B724DA004C908E /* ListsAssets.swift in Sources */ = {isa = PBXBuildFile; fileRef = B4DFA1D324B724DA004C908E /* ListsAssets.swift */; };
		B8DD218124D17BBD0096D68C /* PopoverView.swift in Sources */ = {isa = PBXBuildFile; fileRef = B8DD217B24D17BBD0096D68C /* PopoverView.swift */; };
		B8DD218224D17BBD0096D68C /* README.md in Resources */ = {isa = PBXBuildFile; fileRef = B8DD217C24D17BBD0096D68C /* README.md */; };
		B8DD218324D17BBD0096D68C /* PopoverConfiguration.swift in Sources */ = {isa = PBXBuildFile; fileRef = B8DD217D24D17BBD0096D68C /* PopoverConfiguration.swift */; };
		B8DD218424D17BBD0096D68C /* PopoverMessageView.swift in Sources */ = {isa = PBXBuildFile; fileRef = B8DD217F24D17BBD0096D68C /* PopoverMessageView.swift */; };
		B8DD218524D17BBD0096D68C /* PopoverContentView.swift in Sources */ = {isa = PBXBuildFile; fileRef = B8DD218024D17BBD0096D68C /* PopoverContentView.swift */; };
		B8DD218724D17BFE0096D68C /* SpacerView.swift in Sources */ = {isa = PBXBuildFile; fileRef = B8DD218624D17BFD0096D68C /* SpacerView.swift */; };
		B8DD218924D17C4F0096D68C /* PopoverAssets.swift in Sources */ = {isa = PBXBuildFile; fileRef = B8DD218824D17C4F0096D68C /* PopoverAssets.swift */; };
/* End PBXBuildFile section */

/* Begin PBXFileReference section */
		B413033624B75D6700212D16 /* Assets.xcassets */ = {isa = PBXFileReference; lastKnownFileType = folder.assetcatalog; path = Assets.xcassets; sourceTree = "<group>"; };
		B413036A24B78C2200212D16 /* Bundle+Mistica.swift */ = {isa = PBXFileReference; lastKnownFileType = sourcecode.swift; path = "Bundle+Mistica.swift"; sourceTree = "<group>"; };
		B413036E24B84F8900212D16 /* AssetType.swift */ = {isa = PBXFileReference; lastKnownFileType = sourcecode.swift; path = AssetType.swift; sourceTree = "<group>"; };
		B413037024B85A0400212D16 /* README.md */ = {isa = PBXFileReference; fileEncoding = 4; lastKnownFileType = net.daringfireball.markdown; path = README.md; sourceTree = "<group>"; };
		B413037224B85A3200212D16 /* README.md */ = {isa = PBXFileReference; lastKnownFileType = net.daringfireball.markdown; path = README.md; sourceTree = "<group>"; };
		B413037324B85A3D00212D16 /* README.md */ = {isa = PBXFileReference; lastKnownFileType = net.daringfireball.markdown; path = README.md; sourceTree = "<group>"; };
		B413037424B85A4700212D16 /* README.md */ = {isa = PBXFileReference; lastKnownFileType = net.daringfireball.markdown; path = README.md; sourceTree = "<group>"; };
		B413037524B85A5200212D16 /* README.md */ = {isa = PBXFileReference; lastKnownFileType = net.daringfireball.markdown; path = README.md; sourceTree = "<group>"; };
		B413037624B85A5D00212D16 /* README.md */ = {isa = PBXFileReference; lastKnownFileType = net.daringfireball.markdown; path = README.md; sourceTree = "<group>"; };
		B413037724B85A6700212D16 /* README.md */ = {isa = PBXFileReference; lastKnownFileType = net.daringfireball.markdown; path = README.md; sourceTree = "<group>"; };
		B413037824B85A7200212D16 /* README.md */ = {isa = PBXFileReference; lastKnownFileType = net.daringfireball.markdown; path = README.md; sourceTree = "<group>"; };
		B413037924B85A8100212D16 /* README.md */ = {isa = PBXFileReference; lastKnownFileType = net.daringfireball.markdown; path = README.md; sourceTree = "<group>"; };
		B413037A24B85A8B00212D16 /* README.md */ = {isa = PBXFileReference; lastKnownFileType = net.daringfireball.markdown; path = README.md; sourceTree = "<group>"; };
		B413037B24B85A9400212D16 /* README.md */ = {isa = PBXFileReference; lastKnownFileType = net.daringfireball.markdown; path = README.md; sourceTree = "<group>"; };
		B413037D24B85AC300212D16 /* README.md */ = {isa = PBXFileReference; lastKnownFileType = net.daringfireball.markdown; path = README.md; sourceTree = "<group>"; };
		B41303CD24B8637C00212D16 /* UITableViewHeaderFooterView+Utils.swift */ = {isa = PBXFileReference; fileEncoding = 4; lastKnownFileType = sourcecode.swift; path = "UITableViewHeaderFooterView+Utils.swift"; sourceTree = "<group>"; };
		B4D8EB7F24B46B91002F3AD5 /* Mistica.framework */ = {isa = PBXFileReference; explicitFileType = wrapper.framework; includeInIndex = 0; path = Mistica.framework; sourceTree = BUILT_PRODUCTS_DIR; };
		B4D8EB8324B46B91002F3AD5 /* Info.plist */ = {isa = PBXFileReference; lastKnownFileType = text.plist.xml; path = Info.plist; sourceTree = "<group>"; };
		B4D8EB8A24B47869002F3AD5 /* README.md */ = {isa = PBXFileReference; lastKnownFileType = net.daringfireball.markdown; path = README.md; sourceTree = "<group>"; };
		B4D8EB8B24B498F4002F3AD5 /* Mistica.xcconfig */ = {isa = PBXFileReference; lastKnownFileType = text.xcconfig; path = Mistica.xcconfig; sourceTree = "<group>"; };
		B4D8EBB624B4CB31002F3AD5 /* FeedbackStyle+Toolkit.swift */ = {isa = PBXFileReference; fileEncoding = 4; lastKnownFileType = sourcecode.swift; path = "FeedbackStyle+Toolkit.swift"; sourceTree = "<group>"; };
		B4D8EBB724B4CB31002F3AD5 /* FeedbackViewController.swift */ = {isa = PBXFileReference; fileEncoding = 4; lastKnownFileType = sourcecode.swift; path = FeedbackViewController.swift; sourceTree = "<group>"; };
		B4D8EBB824B4CB31002F3AD5 /* FeedbackUIAssets.swift */ = {isa = PBXFileReference; fileEncoding = 4; lastKnownFileType = sourcecode.swift; path = FeedbackUIAssets.swift; sourceTree = "<group>"; };
		B4D8EBC424B4CB32002F3AD5 /* FeedbackConfiguration.swift */ = {isa = PBXFileReference; fileEncoding = 4; lastKnownFileType = sourcecode.swift; path = FeedbackConfiguration.swift; sourceTree = "<group>"; };
		B4D8EBC724B4CB32002F3AD5 /* FeedbackView.swift */ = {isa = PBXFileReference; fileEncoding = 4; lastKnownFileType = sourcecode.swift; path = FeedbackView.swift; sourceTree = "<group>"; };
		B4D8EBC924B4CB32002F3AD5 /* ScrollContentIndicatorStyle.swift */ = {isa = PBXFileReference; fileEncoding = 4; lastKnownFileType = sourcecode.swift; path = ScrollContentIndicatorStyle.swift; sourceTree = "<group>"; };
		B4D8EBCF24B4CB32002F3AD5 /* ScrollContentIndicator.swift */ = {isa = PBXFileReference; fileEncoding = 4; lastKnownFileType = sourcecode.swift; path = ScrollContentIndicator.swift; sourceTree = "<group>"; };
		B4D8EBD124B4CB32002F3AD5 /* UIViewPropertyAnimator+InputField.swift */ = {isa = PBXFileReference; fileEncoding = 4; lastKnownFileType = sourcecode.swift; path = "UIViewPropertyAnimator+InputField.swift"; sourceTree = "<group>"; };
		B4D8EBD224B4CB32002F3AD5 /* InputFieldStyle+Toolkit.swift */ = {isa = PBXFileReference; fileEncoding = 4; lastKnownFileType = sourcecode.swift; path = "InputFieldStyle+Toolkit.swift"; sourceTree = "<group>"; };
		B4D8EBD324B4CB32002F3AD5 /* InputFieldAssets.swift */ = {isa = PBXFileReference; fileEncoding = 4; lastKnownFileType = sourcecode.swift; path = InputFieldAssets.swift; sourceTree = "<group>"; };
		B4D8EBD424B4CB32002F3AD5 /* InputFieldDelegate.swift */ = {isa = PBXFileReference; fileEncoding = 4; lastKnownFileType = sourcecode.swift; path = InputFieldDelegate.swift; sourceTree = "<group>"; };
		B4D8EBDA24B4CB32002F3AD5 /* TextInput.swift */ = {isa = PBXFileReference; fileEncoding = 4; lastKnownFileType = sourcecode.swift; path = TextInput.swift; sourceTree = "<group>"; };
		B4D8EBDB24B4CB32002F3AD5 /* InputField.swift */ = {isa = PBXFileReference; fileEncoding = 4; lastKnownFileType = sourcecode.swift; path = InputField.swift; sourceTree = "<group>"; };
		B4D8EBDE24B4CB32002F3AD5 /* EmailInputFieldValidationStrategy.swift */ = {isa = PBXFileReference; fileEncoding = 4; lastKnownFileType = sourcecode.swift; path = EmailInputFieldValidationStrategy.swift; sourceTree = "<group>"; };
		B4D8EBDF24B4CB32002F3AD5 /* PhoneNumberInputFieldValidationStrategy.swift */ = {isa = PBXFileReference; fileEncoding = 4; lastKnownFileType = sourcecode.swift; path = PhoneNumberInputFieldValidationStrategy.swift; sourceTree = "<group>"; };
		B4D8EBE024B4CB32002F3AD5 /* PasswordInputFieldValidationStrategy.swift */ = {isa = PBXFileReference; fileEncoding = 4; lastKnownFileType = sourcecode.swift; path = PasswordInputFieldValidationStrategy.swift; sourceTree = "<group>"; };
		B4D8EBE124B4CB32002F3AD5 /* InputFieldValidationStrategy.swift */ = {isa = PBXFileReference; fileEncoding = 4; lastKnownFileType = sourcecode.swift; path = InputFieldValidationStrategy.swift; sourceTree = "<group>"; };
		B4D8EBE924B4CB32002F3AD5 /* IntrinsicMaxButtonWidthContainerView.swift */ = {isa = PBXFileReference; fileEncoding = 4; lastKnownFileType = sourcecode.swift; path = IntrinsicMaxButtonWidthContainerView.swift; sourceTree = "<group>"; };
		B4D8EBEA24B4CB32002F3AD5 /* HeaderView.swift */ = {isa = PBXFileReference; fileEncoding = 4; lastKnownFileType = sourcecode.swift; path = HeaderView.swift; sourceTree = "<group>"; };
		B4D8EBEB24B4CB32002F3AD5 /* HeaderViewStyle.swift */ = {isa = PBXFileReference; fileEncoding = 4; lastKnownFileType = sourcecode.swift; path = HeaderViewStyle.swift; sourceTree = "<group>"; };
		B4D8EBED24B4CB32002F3AD5 /* SectionTitleHeaderView.swift */ = {isa = PBXFileReference; fileEncoding = 4; lastKnownFileType = sourcecode.swift; path = SectionTitleHeaderView.swift; sourceTree = "<group>"; };
		B4D8EBF324B4CB32002F3AD5 /* BadgeView.swift */ = {isa = PBXFileReference; fileEncoding = 4; lastKnownFileType = sourcecode.swift; path = BadgeView.swift; sourceTree = "<group>"; };
		B4D8EBF424B4CB32002F3AD5 /* NovumBarButtonItem.swift */ = {isa = PBXFileReference; fileEncoding = 4; lastKnownFileType = sourcecode.swift; path = NovumBarButtonItem.swift; sourceTree = "<group>"; };
		B4D8EBFC24B4CB32002F3AD5 /* IntrinsictImageView.swift */ = {isa = PBXFileReference; fileEncoding = 4; lastKnownFileType = sourcecode.swift; path = IntrinsictImageView.swift; sourceTree = "<group>"; };
		B4D8EBFD24B4CB32002F3AD5 /* IntrinsictHeightLabel.swift */ = {isa = PBXFileReference; fileEncoding = 4; lastKnownFileType = sourcecode.swift; path = IntrinsictHeightLabel.swift; sourceTree = "<group>"; };
		B4D8EC0724B4CB32002F3AD5 /* CroutonConfig.swift */ = {isa = PBXFileReference; fileEncoding = 4; lastKnownFileType = sourcecode.swift; path = CroutonConfig.swift; sourceTree = "<group>"; };
		B4D8EC0924B4CB32002F3AD5 /* CroutonView.swift */ = {isa = PBXFileReference; fileEncoding = 4; lastKnownFileType = sourcecode.swift; path = CroutonView.swift; sourceTree = "<group>"; };
		B4D8EC0A24B4CB32002F3AD5 /* CroutonController.swift */ = {isa = PBXFileReference; fileEncoding = 4; lastKnownFileType = sourcecode.swift; path = CroutonController.swift; sourceTree = "<group>"; };
		B4D8EC0B24B4CB32002F3AD5 /* CustomCroutonContainer.swift */ = {isa = PBXFileReference; fileEncoding = 4; lastKnownFileType = sourcecode.swift; path = CustomCroutonContainer.swift; sourceTree = "<group>"; };
		B4D8EC0D24B4CB32002F3AD5 /* SegmentCell.swift */ = {isa = PBXFileReference; fileEncoding = 4; lastKnownFileType = sourcecode.swift; path = SegmentCell.swift; sourceTree = "<group>"; };
		B4D8EC0E24B4CB32002F3AD5 /* SegmentSelector.swift */ = {isa = PBXFileReference; fileEncoding = 4; lastKnownFileType = sourcecode.swift; path = SegmentSelector.swift; sourceTree = "<group>"; };
		B4D8EC1624B4CB33002F3AD5 /* Segment.swift */ = {isa = PBXFileReference; fileEncoding = 4; lastKnownFileType = sourcecode.swift; path = Segment.swift; sourceTree = "<group>"; };
		B4D8EC1924B4CB33002F3AD5 /* SegmentSelectorCenteredContentLayout.swift */ = {isa = PBXFileReference; fileEncoding = 4; lastKnownFileType = sourcecode.swift; path = SegmentSelectorCenteredContentLayout.swift; sourceTree = "<group>"; };
		B4D8EC1B24B4CB33002F3AD5 /* LoadErrorViewControllerLifecycleDelegate.swift */ = {isa = PBXFileReference; fileEncoding = 4; lastKnownFileType = sourcecode.swift; path = LoadErrorViewControllerLifecycleDelegate.swift; sourceTree = "<group>"; };
		B4D8EC1F24B4CB33002F3AD5 /* LoadErrorViewController.swift */ = {isa = PBXFileReference; fileEncoding = 4; lastKnownFileType = sourcecode.swift; path = LoadErrorViewController.swift; sourceTree = "<group>"; };
		B4D8EC2124B4CB33002F3AD5 /* LoadErrorViewControllerDelegate.swift */ = {isa = PBXFileReference; fileEncoding = 4; lastKnownFileType = sourcecode.swift; path = LoadErrorViewControllerDelegate.swift; sourceTree = "<group>"; };
		B4D8EC2324B4CB33002F3AD5 /* ButtonContentView.swift */ = {isa = PBXFileReference; fileEncoding = 4; lastKnownFileType = sourcecode.swift; path = ButtonContentView.swift; sourceTree = "<group>"; };
		B4D8EC2A24B4CB33002F3AD5 /* ButtonStyle+Toolkit.swift */ = {isa = PBXFileReference; fileEncoding = 4; lastKnownFileType = sourcecode.swift; path = "ButtonStyle+Toolkit.swift"; sourceTree = "<group>"; };
		B4D8EC2B24B4CB33002F3AD5 /* Button.swift */ = {isa = PBXFileReference; fileEncoding = 4; lastKnownFileType = sourcecode.swift; path = Button.swift; sourceTree = "<group>"; };
		B4D8EC2D24B4CB33002F3AD5 /* ListView.swift */ = {isa = PBXFileReference; fileEncoding = 4; lastKnownFileType = sourcecode.swift; path = ListView.swift; sourceTree = "<group>"; };
		B4D8EC2F24B4CB33002F3AD5 /* NavigationPresetView.swift */ = {isa = PBXFileReference; fileEncoding = 4; lastKnownFileType = sourcecode.swift; path = NavigationPresetView.swift; sourceTree = "<group>"; };
		B4D8EC3024B4CB33002F3AD5 /* VerticallyCenteredPresetView.swift */ = {isa = PBXFileReference; fileEncoding = 4; lastKnownFileType = sourcecode.swift; path = VerticallyCenteredPresetView.swift; sourceTree = "<group>"; };
		B4D8EC3824B4CB33002F3AD5 /* CellCenterSectionView.swift */ = {isa = PBXFileReference; fileEncoding = 4; lastKnownFileType = sourcecode.swift; path = CellCenterSectionView.swift; sourceTree = "<group>"; };
		B4D8EC3924B4CB33002F3AD5 /* CellLeftSectionView.swift */ = {isa = PBXFileReference; fileEncoding = 4; lastKnownFileType = sourcecode.swift; path = CellLeftSectionView.swift; sourceTree = "<group>"; };
		B4D8EC3A24B4CB33002F3AD5 /* ListCellView.swift */ = {isa = PBXFileReference; fileEncoding = 4; lastKnownFileType = sourcecode.swift; path = ListCellView.swift; sourceTree = "<group>"; };
		B4D8EC3B24B4CB33002F3AD5 /* ListCellStyle+Toolkit.swift */ = {isa = PBXFileReference; fileEncoding = 4; lastKnownFileType = sourcecode.swift; path = "ListCellStyle+Toolkit.swift"; sourceTree = "<group>"; };
		B4D8EC4324B4CB33002F3AD5 /* TagView.swift */ = {isa = PBXFileReference; fileEncoding = 4; lastKnownFileType = sourcecode.swift; path = TagView.swift; sourceTree = "<group>"; };
		B4D8EC4524B4CB33002F3AD5 /* ValidatableView.swift */ = {isa = PBXFileReference; fileEncoding = 4; lastKnownFileType = sourcecode.swift; path = ValidatableView.swift; sourceTree = "<group>"; };
		B4D8EC4B24B4CB33002F3AD5 /* FormView.swift */ = {isa = PBXFileReference; fileEncoding = 4; lastKnownFileType = sourcecode.swift; path = FormView.swift; sourceTree = "<group>"; };
		B4D8ECB924B4CFB7002F3AD5 /* MovistarColorPalette.swift */ = {isa = PBXFileReference; fileEncoding = 4; lastKnownFileType = sourcecode.swift; path = MovistarColorPalette.swift; sourceTree = "<group>"; };
		B4D8ECBA24B4CFB7002F3AD5 /* VivoColorPalette.swift */ = {isa = PBXFileReference; fileEncoding = 4; lastKnownFileType = sourcecode.swift; path = VivoColorPalette.swift; sourceTree = "<group>"; };
		B4D8ECBB24B4CFB7002F3AD5 /* ColorToolkit.swift */ = {isa = PBXFileReference; fileEncoding = 4; lastKnownFileType = sourcecode.swift; path = ColorToolkit.swift; sourceTree = "<group>"; };
		B4D8ECBC24B4CFB7002F3AD5 /* ColorPalette.swift */ = {isa = PBXFileReference; fileEncoding = 4; lastKnownFileType = sourcecode.swift; path = ColorPalette.swift; sourceTree = "<group>"; };
		B4D8ECBD24B4CFB7002F3AD5 /* O2ColorPalette.swift */ = {isa = PBXFileReference; fileEncoding = 4; lastKnownFileType = sourcecode.swift; path = O2ColorPalette.swift; sourceTree = "<group>"; };
		B4D8ECC324B4D05D002F3AD5 /* BrandStyle.swift */ = {isa = PBXFileReference; lastKnownFileType = sourcecode.swift; path = BrandStyle.swift; sourceTree = "<group>"; };
		B4D8ECC524B4D0DC002F3AD5 /* UIColor+Utils.swift */ = {isa = PBXFileReference; fileEncoding = 4; lastKnownFileType = sourcecode.swift; path = "UIColor+Utils.swift"; sourceTree = "<group>"; };
		B4D8ECC824B4D26B002F3AD5 /* ThemeVariant.swift */ = {isa = PBXFileReference; fileEncoding = 4; lastKnownFileType = sourcecode.swift; path = ThemeVariant.swift; sourceTree = "<group>"; };
		B4D8ECC924B4D26B002F3AD5 /* AssetCatalog+Themed.swift */ = {isa = PBXFileReference; fileEncoding = 4; lastKnownFileType = sourcecode.swift; path = "AssetCatalog+Themed.swift"; sourceTree = "<group>"; };
		B4D8ECCF24B4D721002F3AD5 /* FontSize.swift */ = {isa = PBXFileReference; fileEncoding = 4; lastKnownFileType = sourcecode.swift; path = FontSize.swift; sourceTree = "<group>"; };
		B4D8ECD024B4D721002F3AD5 /* FontStyle.swift */ = {isa = PBXFileReference; fileEncoding = 4; lastKnownFileType = sourcecode.swift; path = FontStyle.swift; sourceTree = "<group>"; };
		B4D8ECD124B4D721002F3AD5 /* FontToolkit.swift */ = {isa = PBXFileReference; fileEncoding = 4; lastKnownFileType = sourcecode.swift; path = FontToolkit.swift; sourceTree = "<group>"; };
		B4D8ECD524B4D9B1002F3AD5 /* UIView+Utils.swift */ = {isa = PBXFileReference; fileEncoding = 4; lastKnownFileType = sourcecode.swift; path = "UIView+Utils.swift"; sourceTree = "<group>"; };
		B4D8ECD924B4DA87002F3AD5 /* BoundsChangeInvalidatingFlowLayout.swift */ = {isa = PBXFileReference; fileEncoding = 4; lastKnownFileType = sourcecode.swift; path = BoundsChangeInvalidatingFlowLayout.swift; sourceTree = "<group>"; };
		B4D8ECDC24B4DAB6002F3AD5 /* ScrollStackView.swift */ = {isa = PBXFileReference; fileEncoding = 4; lastKnownFileType = sourcecode.swift; path = ScrollStackView.swift; sourceTree = "<group>"; };
		B4D8ECDE24B4DD2D002F3AD5 /* GradientView.swift */ = {isa = PBXFileReference; fileEncoding = 4; lastKnownFileType = sourcecode.swift; path = GradientView.swift; sourceTree = "<group>"; };
		B4D8ECE224B4DD60002F3AD5 /* SeparatorView.swift */ = {isa = PBXFileReference; fileEncoding = 4; lastKnownFileType = sourcecode.swift; path = SeparatorView.swift; sourceTree = "<group>"; };
		B4D8ECFF24B5B512002F3AD5 /* PaddingLabel.swift */ = {isa = PBXFileReference; fileEncoding = 4; lastKnownFileType = sourcecode.swift; path = PaddingLabel.swift; sourceTree = "<group>"; };
		B4D8ED0324B5B596002F3AD5 /* UIBarButtonItem+Utils.swift */ = {isa = PBXFileReference; fileEncoding = 4; lastKnownFileType = sourcecode.swift; path = "UIBarButtonItem+Utils.swift"; sourceTree = "<group>"; };
		B4D8ED1124B5B6E9002F3AD5 /* String+Utils.swift */ = {isa = PBXFileReference; fileEncoding = 4; lastKnownFileType = sourcecode.swift; path = "String+Utils.swift"; sourceTree = "<group>"; };
		B4D8ED1A24B5B8BF002F3AD5 /* UIStackView+Utils.swift */ = {isa = PBXFileReference; fileEncoding = 4; lastKnownFileType = sourcecode.swift; path = "UIStackView+Utils.swift"; sourceTree = "<group>"; };
		B4D8ED1C24B5B92F002F3AD5 /* CGSize+Utils.swift */ = {isa = PBXFileReference; fileEncoding = 4; lastKnownFileType = sourcecode.swift; path = "CGSize+Utils.swift"; sourceTree = "<group>"; };
		B4D8ED1E24B5BA53002F3AD5 /* IntrinsicHeightTextView.swift */ = {isa = PBXFileReference; fileEncoding = 4; lastKnownFileType = sourcecode.swift; path = IntrinsicHeightTextView.swift; sourceTree = "<group>"; };
		B4D8ED2124B5C5AA002F3AD5 /* KeyboardNotificationCenter.swift */ = {isa = PBXFileReference; fileEncoding = 4; lastKnownFileType = sourcecode.swift; path = KeyboardNotificationCenter.swift; sourceTree = "<group>"; };
		B4D8ED2224B5C5AA002F3AD5 /* KeyboardInfo.swift */ = {isa = PBXFileReference; fileEncoding = 4; lastKnownFileType = sourcecode.swift; path = KeyboardInfo.swift; sourceTree = "<group>"; };
		B4D8ED2524B5C5FE002F3AD5 /* CheckBoxAssets.swift */ = {isa = PBXFileReference; lastKnownFileType = sourcecode.swift; path = CheckBoxAssets.swift; sourceTree = "<group>"; };
		B4D8ED2724B5C674002F3AD5 /* UIButton+Utils.swift */ = {isa = PBXFileReference; fileEncoding = 4; lastKnownFileType = sourcecode.swift; path = "UIButton+Utils.swift"; sourceTree = "<group>"; };
		B4D8ED2924B5C6C2002F3AD5 /* UIImage+Utils.swift */ = {isa = PBXFileReference; fileEncoding = 4; lastKnownFileType = sourcecode.swift; path = "UIImage+Utils.swift"; sourceTree = "<group>"; };
		B4D8ED2B24B5C718002F3AD5 /* PreprocessorChecks.swift */ = {isa = PBXFileReference; fileEncoding = 4; lastKnownFileType = sourcecode.swift; path = PreprocessorChecks.swift; sourceTree = "<group>"; };
		B4D8ED2D24B5C7A4002F3AD5 /* Optional+Utils.swift */ = {isa = PBXFileReference; fileEncoding = 4; lastKnownFileType = sourcecode.swift; path = "Optional+Utils.swift"; sourceTree = "<group>"; };
		B4D8ED2F24B5C819002F3AD5 /* UITableViewCell+Utils.swift */ = {isa = PBXFileReference; fileEncoding = 4; lastKnownFileType = sourcecode.swift; path = "UITableViewCell+Utils.swift"; sourceTree = "<group>"; };
		B4D8ED3124B5C843002F3AD5 /* UICollectionViewCell+Utils.swift */ = {isa = PBXFileReference; fileEncoding = 4; lastKnownFileType = sourcecode.swift; path = "UICollectionViewCell+Utils.swift"; sourceTree = "<group>"; };
		B4D8ED3324B5D650002F3AD5 /* Array+NSAttributedString.swift */ = {isa = PBXFileReference; fileEncoding = 4; lastKnownFileType = sourcecode.swift; path = "Array+NSAttributedString.swift"; sourceTree = "<group>"; };
		B4D8ED3724B5EF85002F3AD5 /* Mistica.swift */ = {isa = PBXFileReference; lastKnownFileType = sourcecode.swift; path = Mistica.swift; sourceTree = "<group>"; };
		B4DFA1D124B723C1004C908E /* Lottie.framework */ = {isa = PBXFileReference; lastKnownFileType = wrapper.framework; name = Lottie.framework; path = Carthage/Build/iOS/Lottie.framework; sourceTree = SOURCE_ROOT; };
		B4DFA1D324B724DA004C908E /* ListsAssets.swift */ = {isa = PBXFileReference; lastKnownFileType = sourcecode.swift; path = ListsAssets.swift; sourceTree = "<group>"; };
		B4DFA20324B74F11004C908E /* Cartfile */ = {isa = PBXFileReference; lastKnownFileType = text; path = Cartfile; sourceTree = SOURCE_ROOT; };
		B4DFA20524B74F11004C908E /* Mistica.podspec */ = {isa = PBXFileReference; explicitFileType = text.script.ruby; path = Mistica.podspec; sourceTree = SOURCE_ROOT; };
		B8DD217B24D17BBD0096D68C /* PopoverView.swift */ = {isa = PBXFileReference; fileEncoding = 4; lastKnownFileType = sourcecode.swift; path = PopoverView.swift; sourceTree = "<group>"; };
		B8DD217C24D17BBD0096D68C /* README.md */ = {isa = PBXFileReference; fileEncoding = 4; lastKnownFileType = net.daringfireball.markdown; path = README.md; sourceTree = "<group>"; };
		B8DD217D24D17BBD0096D68C /* PopoverConfiguration.swift */ = {isa = PBXFileReference; fileEncoding = 4; lastKnownFileType = sourcecode.swift; path = PopoverConfiguration.swift; sourceTree = "<group>"; };
		B8DD217F24D17BBD0096D68C /* PopoverMessageView.swift */ = {isa = PBXFileReference; fileEncoding = 4; lastKnownFileType = sourcecode.swift; path = PopoverMessageView.swift; sourceTree = "<group>"; };
		B8DD218024D17BBD0096D68C /* PopoverContentView.swift */ = {isa = PBXFileReference; fileEncoding = 4; lastKnownFileType = sourcecode.swift; path = PopoverContentView.swift; sourceTree = "<group>"; };
		B8DD218624D17BFD0096D68C /* SpacerView.swift */ = {isa = PBXFileReference; fileEncoding = 4; lastKnownFileType = sourcecode.swift; path = SpacerView.swift; sourceTree = "<group>"; };
		B8DD218824D17C4F0096D68C /* PopoverAssets.swift */ = {isa = PBXFileReference; lastKnownFileType = sourcecode.swift; path = PopoverAssets.swift; sourceTree = "<group>"; };
/* End PBXFileReference section */

/* Begin PBXFrameworksBuildPhase section */
		B4D8EB7C24B46B91002F3AD5 /* Frameworks */ = {
			isa = PBXFrameworksBuildPhase;
			buildActionMask = 2147483647;
			files = (
				B4DFA1D224B723C1004C908E /* Lottie.framework in Frameworks */,
			);
			runOnlyForDeploymentPostprocessing = 0;
		};
/* End PBXFrameworksBuildPhase section */

/* Begin PBXGroup section */
		B4D8EB7524B46B91002F3AD5 = {
			isa = PBXGroup;
			children = (
				B4DFA20524B74F11004C908E /* Mistica.podspec */,
				B4D8EB8A24B47869002F3AD5 /* README.md */,
				B4DFA20324B74F11004C908E /* Cartfile */,
				B4D8EB8124B46B91002F3AD5 /* Mistica */,
				B4D8EB8024B46B91002F3AD5 /* Products */,
			);
			sourceTree = "<group>";
		};
		B4D8EB8024B46B91002F3AD5 /* Products */ = {
			isa = PBXGroup;
			children = (
				B4D8EB7F24B46B91002F3AD5 /* Mistica.framework */,
			);
			name = Products;
			sourceTree = "<group>";
		};
		B4D8EB8124B46B91002F3AD5 /* Mistica */ = {
			isa = PBXGroup;
			children = (
				B4D8ED3724B5EF85002F3AD5 /* Mistica.swift */,
				B4D8ED0E24B5B655002F3AD5 /* Assets */,
				B4D8ECB824B4CFB7002F3AD5 /* Colors */,
				B4D8ECB624B4CD04002F3AD5 /* Components */,
				B4D8ECCE24B4D721002F3AD5 /* Fonts */,
				B4DFA20824B7575C004C908E /* Resources */,
				B4D8ECC724B4D26B002F3AD5 /* Styles */,
				B4D8EB8C24B499D9002F3AD5 /* SupportFiles */,
				B4D8ECB724B4CD11002F3AD5 /* Utils */,
			);
			path = Mistica;
			sourceTree = "<group>";
		};
		B4D8EB8C24B499D9002F3AD5 /* SupportFiles */ = {
			isa = PBXGroup;
			children = (
				B4D8EB8324B46B91002F3AD5 /* Info.plist */,
				B4D8EB8B24B498F4002F3AD5 /* Mistica.xcconfig */,
				B4DFA1D124B723C1004C908E /* Lottie.framework */,
			);
			path = SupportFiles;
			sourceTree = "<group>";
		};
		B4D8EBAD24B4CB31002F3AD5 /* Popover */ = {
			isa = PBXGroup;
			children = (
				B8DD217C24D17BBD0096D68C /* README.md */,
				B8DD217B24D17BBD0096D68C /* PopoverView.swift */,
				B8DD217D24D17BBD0096D68C /* PopoverConfiguration.swift */,
				B8DD217E24D17BBD0096D68C /* Internals */,
			);
			path = Popover;
			sourceTree = "<group>";
		};
		B4D8EBB524B4CB31002F3AD5 /* Feedback */ = {
			isa = PBXGroup;
			children = (
				B413037324B85A3D00212D16 /* README.md */,
				B4D8EBC724B4CB32002F3AD5 /* FeedbackView.swift */,
				B4D8EBB624B4CB31002F3AD5 /* FeedbackStyle+Toolkit.swift */,
				B4D8EBB724B4CB31002F3AD5 /* FeedbackViewController.swift */,
				B4D8EBC324B4CB32002F3AD5 /* Model */,
			);
			path = Feedback;
			sourceTree = "<group>";
		};
		B4D8EBC324B4CB32002F3AD5 /* Model */ = {
			isa = PBXGroup;
			children = (
				B4D8EBC424B4CB32002F3AD5 /* FeedbackConfiguration.swift */,
			);
			path = Model;
			sourceTree = "<group>";
		};
		B4D8EBC824B4CB32002F3AD5 /* ScrollContentIndicator */ = {
			isa = PBXGroup;
			children = (
				B413037824B85A7200212D16 /* README.md */,
				B4D8EBC924B4CB32002F3AD5 /* ScrollContentIndicatorStyle.swift */,
				B4D8EBCF24B4CB32002F3AD5 /* ScrollContentIndicator.swift */,
			);
			path = ScrollContentIndicator;
			sourceTree = "<group>";
		};
		B4D8EBD024B4CB32002F3AD5 /* InputField */ = {
			isa = PBXGroup;
			children = (
				B413037624B85A5D00212D16 /* README.md */,
				B4D8EBD124B4CB32002F3AD5 /* UIViewPropertyAnimator+InputField.swift */,
				B4D8EBD224B4CB32002F3AD5 /* InputFieldStyle+Toolkit.swift */,
				B4D8EBD424B4CB32002F3AD5 /* InputFieldDelegate.swift */,
				B4D8EBDA24B4CB32002F3AD5 /* TextInput.swift */,
				B4D8EBDB24B4CB32002F3AD5 /* InputField.swift */,
				B4D8EBDD24B4CB32002F3AD5 /* Validation */,
			);
			path = InputField;
			sourceTree = "<group>";
		};
		B4D8EBDD24B4CB32002F3AD5 /* Validation */ = {
			isa = PBXGroup;
			children = (
				B4D8EBDE24B4CB32002F3AD5 /* EmailInputFieldValidationStrategy.swift */,
				B4D8EBDF24B4CB32002F3AD5 /* PhoneNumberInputFieldValidationStrategy.swift */,
				B4D8EBE024B4CB32002F3AD5 /* PasswordInputFieldValidationStrategy.swift */,
				B4D8EBE124B4CB32002F3AD5 /* InputFieldValidationStrategy.swift */,
			);
			path = Validation;
			sourceTree = "<group>";
		};
		B4D8EBE224B4CB32002F3AD5 /* Header */ = {
			isa = PBXGroup;
			children = (
				B413037524B85A5200212D16 /* README.md */,
				B4D8EBE824B4CB32002F3AD5 /* Internals */,
				B4D8EBEA24B4CB32002F3AD5 /* HeaderView.swift */,
				B4D8EBEB24B4CB32002F3AD5 /* HeaderViewStyle.swift */,
			);
			path = Header;
			sourceTree = "<group>";
		};
		B4D8EBE824B4CB32002F3AD5 /* Internals */ = {
			isa = PBXGroup;
			children = (
				B4D8EBE924B4CB32002F3AD5 /* IntrinsicMaxButtonWidthContainerView.swift */,
			);
			path = Internals;
			sourceTree = "<group>";
		};
		B4D8EBEC24B4CB32002F3AD5 /* SectionTitle */ = {
			isa = PBXGroup;
			children = (
				B413037924B85A8100212D16 /* README.md */,
				B4D8EBED24B4CB32002F3AD5 /* SectionTitleHeaderView.swift */,
			);
			path = SectionTitle;
			sourceTree = "<group>";
		};
		B4D8EBF224B4CB32002F3AD5 /* Badge */ = {
			isa = PBXGroup;
			children = (
				B413037024B85A0400212D16 /* README.md */,
				B4D8EBF324B4CB32002F3AD5 /* BadgeView.swift */,
				B4D8EBF424B4CB32002F3AD5 /* NovumBarButtonItem.swift */,
			);
			path = Badge;
			sourceTree = "<group>";
		};
		B4D8EBFE24B4CB32002F3AD5 /* Crouton */ = {
			isa = PBXGroup;
			children = (
				B413037224B85A3200212D16 /* README.md */,
				B4D8EC0624B4CB32002F3AD5 /* Domain */,
				B4D8EC0824B4CB32002F3AD5 /* Presentation */,
			);
			path = Crouton;
			sourceTree = "<group>";
		};
		B4D8EC0624B4CB32002F3AD5 /* Domain */ = {
			isa = PBXGroup;
			children = (
				B4D8EC0724B4CB32002F3AD5 /* CroutonConfig.swift */,
			);
			path = Domain;
			sourceTree = "<group>";
		};
		B4D8EC0824B4CB32002F3AD5 /* Presentation */ = {
			isa = PBXGroup;
			children = (
				B4D8EC0924B4CB32002F3AD5 /* CroutonView.swift */,
				B4D8EC0A24B4CB32002F3AD5 /* CroutonController.swift */,
				B4D8EC0B24B4CB32002F3AD5 /* CustomCroutonContainer.swift */,
			);
			path = Presentation;
			sourceTree = "<group>";
		};
		B4D8EC0C24B4CB32002F3AD5 /* SegmentSelector */ = {
			isa = PBXGroup;
			children = (
				B413037A24B85A8B00212D16 /* README.md */,
				B4D8EC0D24B4CB32002F3AD5 /* SegmentCell.swift */,
				B4D8EC0E24B4CB32002F3AD5 /* SegmentSelector.swift */,
				B4D8EC1624B4CB33002F3AD5 /* Segment.swift */,
				B4D8EC1824B4CB33002F3AD5 /* Layouts */,
			);
			path = SegmentSelector;
			sourceTree = "<group>";
		};
		B4D8EC1824B4CB33002F3AD5 /* Layouts */ = {
			isa = PBXGroup;
			children = (
				B4D8EC1924B4CB33002F3AD5 /* SegmentSelectorCenteredContentLayout.swift */,
			);
			path = Layouts;
			sourceTree = "<group>";
		};
		B4D8EC1A24B4CB33002F3AD5 /* ViewStates */ = {
			isa = PBXGroup;
			children = (
				B413037D24B85AC300212D16 /* README.md */,
				B4D8EC1B24B4CB33002F3AD5 /* LoadErrorViewControllerLifecycleDelegate.swift */,
				B4D8EC1F24B4CB33002F3AD5 /* LoadErrorViewController.swift */,
				B4D8EC2124B4CB33002F3AD5 /* LoadErrorViewControllerDelegate.swift */,
			);
			path = ViewStates;
			sourceTree = "<group>";
		};
		B4D8EC2224B4CB33002F3AD5 /* Button */ = {
			isa = PBXGroup;
			children = (
				B4D8EC2324B4CB33002F3AD5 /* ButtonContentView.swift */,
				B4D8EC2A24B4CB33002F3AD5 /* ButtonStyle+Toolkit.swift */,
				B4D8EC2B24B4CB33002F3AD5 /* Button.swift */,
			);
			path = Button;
			sourceTree = "<group>";
		};
		B4D8EC2C24B4CB33002F3AD5 /* Lists */ = {
			isa = PBXGroup;
			children = (
				B413037724B85A6700212D16 /* README.md */,
				B4D8EC2D24B4CB33002F3AD5 /* ListView.swift */,
				B4D8EC2E24B4CB33002F3AD5 /* ControlPresets */,
				B4D8EC3724B4CB33002F3AD5 /* Internals */,
				B4D8EC3A24B4CB33002F3AD5 /* ListCellView.swift */,
				B4D8EC3B24B4CB33002F3AD5 /* ListCellStyle+Toolkit.swift */,
			);
			path = Lists;
			sourceTree = "<group>";
		};
		B4D8EC2E24B4CB33002F3AD5 /* ControlPresets */ = {
			isa = PBXGroup;
			children = (
				B4D8EC2F24B4CB33002F3AD5 /* NavigationPresetView.swift */,
				B4D8EC3024B4CB33002F3AD5 /* VerticallyCenteredPresetView.swift */,
			);
			path = ControlPresets;
			sourceTree = "<group>";
		};
		B4D8EC3724B4CB33002F3AD5 /* Internals */ = {
			isa = PBXGroup;
			children = (
				B4D8EC3824B4CB33002F3AD5 /* CellCenterSectionView.swift */,
				B4D8EC3924B4CB33002F3AD5 /* CellLeftSectionView.swift */,
			);
			path = Internals;
			sourceTree = "<group>";
		};
		B4D8EC3C24B4CB33002F3AD5 /* Tag */ = {
			isa = PBXGroup;
			children = (
				B413037B24B85A9400212D16 /* README.md */,
				B4D8EC4324B4CB33002F3AD5 /* TagView.swift */,
			);
			path = Tag;
			sourceTree = "<group>";
		};
		B4D8EC4624B4CB33002F3AD5 /* Form */ = {
			isa = PBXGroup;
			children = (
				B413037424B85A4700212D16 /* README.md */,
				B4D8EC4524B4CB33002F3AD5 /* ValidatableView.swift */,
				B4D8EC4B24B4CB33002F3AD5 /* FormView.swift */,
			);
			path = Form;
			sourceTree = "<group>";
		};
		B4D8ECB624B4CD04002F3AD5 /* Components */ = {
			isa = PBXGroup;
			children = (
				B4D8EBF224B4CB32002F3AD5 /* Badge */,
				B4D8EC2224B4CB33002F3AD5 /* Button */,
				B4D8EBFE24B4CB32002F3AD5 /* Crouton */,
				B4D8EBB524B4CB31002F3AD5 /* Feedback */,
				B4D8EC4624B4CB33002F3AD5 /* Form */,
				B4D8EBE224B4CB32002F3AD5 /* Header */,
				B4D8EBD024B4CB32002F3AD5 /* InputField */,
				B4D8EC2C24B4CB33002F3AD5 /* Lists */,
				B4D8EBAD24B4CB31002F3AD5 /* Popover */,
				B4D8EBC824B4CB32002F3AD5 /* ScrollContentIndicator */,
				B4D8EBEC24B4CB32002F3AD5 /* SectionTitle */,
				B4D8EC0C24B4CB32002F3AD5 /* SegmentSelector */,
				B4D8EC3C24B4CB33002F3AD5 /* Tag */,
				B4D8EC1A24B4CB33002F3AD5 /* ViewStates */,
			);
			path = Components;
			sourceTree = "<group>";
		};
		B4D8ECB724B4CD11002F3AD5 /* Utils */ = {
			isa = PBXGroup;
			children = (
				B8DD218B24D180DD0096D68C /* Extensions */,
				B8DD218A24D180D80096D68C /* Views */,
			);
			path = Utils;
			sourceTree = "<group>";
		};
		B4D8ECB824B4CFB7002F3AD5 /* Colors */ = {
			isa = PBXGroup;
			children = (
				B4D8ECBC24B4CFB7002F3AD5 /* ColorPalette.swift */,
				B4D8ECBB24B4CFB7002F3AD5 /* ColorToolkit.swift */,
				B4D8ECB924B4CFB7002F3AD5 /* MovistarColorPalette.swift */,
				B4D8ECBD24B4CFB7002F3AD5 /* O2ColorPalette.swift */,
				B4D8ECBA24B4CFB7002F3AD5 /* VivoColorPalette.swift */,
			);
			path = Colors;
			sourceTree = "<group>";
		};
		B4D8ECC724B4D26B002F3AD5 /* Styles */ = {
			isa = PBXGroup;
			children = (
				B4D8ECC324B4D05D002F3AD5 /* BrandStyle.swift */,
				B4D8ECC824B4D26B002F3AD5 /* ThemeVariant.swift */,
				B4D8ECC924B4D26B002F3AD5 /* AssetCatalog+Themed.swift */,
				B413036E24B84F8900212D16 /* AssetType.swift */,
			);
			path = Styles;
			sourceTree = "<group>";
		};
		B4D8ECCE24B4D721002F3AD5 /* Fonts */ = {
			isa = PBXGroup;
			children = (
				B4D8ECCF24B4D721002F3AD5 /* FontSize.swift */,
				B4D8ECD024B4D721002F3AD5 /* FontStyle.swift */,
				B4D8ECD124B4D721002F3AD5 /* FontToolkit.swift */,
			);
			path = Fonts;
			sourceTree = "<group>";
		};
		B4D8ED0E24B5B655002F3AD5 /* Assets */ = {
			isa = PBXGroup;
			children = (
				B4D8ED2524B5C5FE002F3AD5 /* CheckBoxAssets.swift */,
				B4D8EBB824B4CB31002F3AD5 /* FeedbackUIAssets.swift */,
				B4D8EBD324B4CB32002F3AD5 /* InputFieldAssets.swift */,
				B4DFA1D324B724DA004C908E /* ListsAssets.swift */,
				B8DD218824D17C4F0096D68C /* PopoverAssets.swift */,
			);
			path = Assets;
			sourceTree = "<group>";
		};
		B4D8ED2024B5C59A002F3AD5 /* Keyboard */ = {
			isa = PBXGroup;
			children = (
				B4D8ED2224B5C5AA002F3AD5 /* KeyboardInfo.swift */,
				B4D8ED2124B5C5AA002F3AD5 /* KeyboardNotificationCenter.swift */,
			);
			path = Keyboard;
			sourceTree = "<group>";
		};
		B4DFA20824B7575C004C908E /* Resources */ = {
			isa = PBXGroup;
			children = (
				B413033624B75D6700212D16 /* Assets.xcassets */,
			);
			path = Resources;
			sourceTree = "<group>";
		};
		B8DD217E24D17BBD0096D68C /* Internals */ = {
			isa = PBXGroup;
			children = (
				B8DD217F24D17BBD0096D68C /* PopoverMessageView.swift */,
				B8DD218024D17BBD0096D68C /* PopoverContentView.swift */,
			);
			path = Internals;
			sourceTree = "<group>";
		};
		B8DD218A24D180D80096D68C /* Views */ = {
			isa = PBXGroup;
			children = (
				B4D8ED2024B5C59A002F3AD5 /* Keyboard */,
				B4D8ED1E24B5BA53002F3AD5 /* IntrinsicHeightTextView.swift */,
				B4D8EBFC24B4CB32002F3AD5 /* IntrinsictImageView.swift */,
				B4D8EBFD24B4CB32002F3AD5 /* IntrinsictHeightLabel.swift */,
				B4D8ECDE24B4DD2D002F3AD5 /* GradientView.swift */,
				B4D8ECE224B4DD60002F3AD5 /* SeparatorView.swift */,
				B4D8ECFF24B5B512002F3AD5 /* PaddingLabel.swift */,
				B4D8ECDC24B4DAB6002F3AD5 /* ScrollStackView.swift */,
				B4D8ECD924B4DA87002F3AD5 /* BoundsChangeInvalidatingFlowLayout.swift */,
				B8DD218624D17BFD0096D68C /* SpacerView.swift */,
			);
			path = Views;
			sourceTree = "<group>";
		};
		B8DD218B24D180DD0096D68C /* Extensions */ = {
			isa = PBXGroup;
			children = (
				B4D8ED3324B5D650002F3AD5 /* Array+NSAttributedString.swift */,
				B413036A24B78C2200212D16 /* Bundle+Mistica.swift */,
				B4D8ED1C24B5B92F002F3AD5 /* CGSize+Utils.swift */,
				B4D8ED2D24B5C7A4002F3AD5 /* Optional+Utils.swift */,
				B4D8ED2B24B5C718002F3AD5 /* PreprocessorChecks.swift */,
				B4D8ED1124B5B6E9002F3AD5 /* String+Utils.swift */,
				B4D8ED0324B5B596002F3AD5 /* UIBarButtonItem+Utils.swift */,
				B4D8ED2724B5C674002F3AD5 /* UIButton+Utils.swift */,
				B4D8ED3124B5C843002F3AD5 /* UICollectionViewCell+Utils.swift */,
				B4D8ECC524B4D0DC002F3AD5 /* UIColor+Utils.swift */,
				B4D8ED2924B5C6C2002F3AD5 /* UIImage+Utils.swift */,
				B4D8ED1A24B5B8BF002F3AD5 /* UIStackView+Utils.swift */,
				B4D8ED2F24B5C819002F3AD5 /* UITableViewCell+Utils.swift */,
				B41303CD24B8637C00212D16 /* UITableViewHeaderFooterView+Utils.swift */,
				B4D8ECD524B4D9B1002F3AD5 /* UIView+Utils.swift */,
			);
			path = Extensions;
			sourceTree = "<group>";
		};
/* End PBXGroup section */

/* Begin PBXHeadersBuildPhase section */
		B4D8EB7A24B46B91002F3AD5 /* Headers */ = {
			isa = PBXHeadersBuildPhase;
			buildActionMask = 2147483647;
			files = (
			);
			runOnlyForDeploymentPostprocessing = 0;
		};
/* End PBXHeadersBuildPhase section */

/* Begin PBXNativeTarget section */
		B4D8EB7E24B46B91002F3AD5 /* Mistica */ = {
			isa = PBXNativeTarget;
			buildConfigurationList = B4D8EB8724B46B91002F3AD5 /* Build configuration list for PBXNativeTarget "Mistica" */;
			buildPhases = (
				B8DD217824D081010096D68C /* Run SwiftFormat */,
				B4D8EB7A24B46B91002F3AD5 /* Headers */,
				B4D8EB7B24B46B91002F3AD5 /* Sources */,
				B4D8EB7C24B46B91002F3AD5 /* Frameworks */,
				B4D8EB7D24B46B91002F3AD5 /* Resources */,
			);
			buildRules = (
			);
			dependencies = (
			);
			name = Mistica;
			productName = Mistica;
			productReference = B4D8EB7F24B46B91002F3AD5 /* Mistica.framework */;
			productType = "com.apple.product-type.framework";
		};
/* End PBXNativeTarget section */

/* Begin PBXProject section */
		B4D8EB7624B46B91002F3AD5 /* Project object */ = {
			isa = PBXProject;
			attributes = {
				LastUpgradeCheck = 1150;
				ORGANIZATIONNAME = Telefonica;
				TargetAttributes = {
					B4D8EB7E24B46B91002F3AD5 = {
						CreatedOnToolsVersion = 11.5;
					};
				};
			};
			buildConfigurationList = B4D8EB7924B46B91002F3AD5 /* Build configuration list for PBXProject "Mistica" */;
			compatibilityVersion = "Xcode 9.3";
			developmentRegion = en;
			hasScannedForEncodings = 0;
			knownRegions = (
				en,
				Base,
			);
			mainGroup = B4D8EB7524B46B91002F3AD5;
			productRefGroup = B4D8EB8024B46B91002F3AD5 /* Products */;
			projectDirPath = "";
			projectRoot = "";
			targets = (
				B4D8EB7E24B46B91002F3AD5 /* Mistica */,
			);
		};
/* End PBXProject section */

/* Begin PBXResourcesBuildPhase section */
		B4D8EB7D24B46B91002F3AD5 /* Resources */ = {
			isa = PBXResourcesBuildPhase;
			buildActionMask = 2147483647;
			files = (
				B8DD218224D17BBD0096D68C /* README.md in Resources */,
				B413033724B75D6700212D16 /* Assets.xcassets in Resources */,
			);
			runOnlyForDeploymentPostprocessing = 0;
		};
/* End PBXResourcesBuildPhase section */

/* Begin PBXShellScriptBuildPhase section */
		B8DD217824D081010096D68C /* Run SwiftFormat */ = {
			isa = PBXShellScriptBuildPhase;
			buildActionMask = 2147483647;
			files = (
			);
			inputFileListPaths = (
			);
			inputPaths = (
			);
			name = "Run SwiftFormat";
			outputFileListPaths = (
			);
			outputPaths = (
			);
			runOnlyForDeploymentPostprocessing = 0;
			shellPath = /bin/sh;
			shellScript = "\"${SRCROOT}/scripts/run_swiftformat.sh\" \"${SRCROOT}/\"\n";
		};
/* End PBXShellScriptBuildPhase section */

/* Begin PBXSourcesBuildPhase section */
		B4D8EB7B24B46B91002F3AD5 /* Sources */ = {
			isa = PBXSourcesBuildPhase;
			buildActionMask = 2147483647;
			files = (
				B413036B24B78C2200212D16 /* Bundle+Mistica.swift in Sources */,
				B4D8ECB524B4CB33002F3AD5 /* FormView.swift in Sources */,
				B4D8ED2E24B5C7A4002F3AD5 /* Optional+Utils.swift in Sources */,
				B4D8ED2324B5C5AA002F3AD5 /* KeyboardNotificationCenter.swift in Sources */,
				B4D8ECC624B4D0DC002F3AD5 /* UIColor+Utils.swift in Sources */,
				B4D8EC8924B4CB33002F3AD5 /* CroutonView.swift in Sources */,
				B4D8EC5C24B4CB33002F3AD5 /* FeedbackConfiguration.swift in Sources */,
				B4D8EC7C24B4CB33002F3AD5 /* NovumBarButtonItem.swift in Sources */,
				B4D8EC5124B4CB33002F3AD5 /* FeedbackStyle+Toolkit.swift in Sources */,
				B4D8EC6E24B4CB33002F3AD5 /* EmailInputFieldValidationStrategy.swift in Sources */,
				B4D8EC8124B4CB33002F3AD5 /* IntrinsictImageView.swift in Sources */,
				B8DD218524D17BBD0096D68C /* PopoverContentView.swift in Sources */,
				B4D8ECA224B4CB33002F3AD5 /* ListView.swift in Sources */,
				B4D8ED1D24B5B92F002F3AD5 /* CGSize+Utils.swift in Sources */,
				B4D8ECD624B4D9B1002F3AD5 /* UIView+Utils.swift in Sources */,
				B4D8ECA124B4CB33002F3AD5 /* Button.swift in Sources */,
				B4D8ECA024B4CB33002F3AD5 /* ButtonStyle+Toolkit.swift in Sources */,
				B4D8ED2624B5C5FE002F3AD5 /* CheckBoxAssets.swift in Sources */,
				B4D8EC7524B4CB33002F3AD5 /* IntrinsicMaxButtonWidthContainerView.swift in Sources */,
				B4DFA1D424B724DA004C908E /* ListsAssets.swift in Sources */,
				B4D8ED2C24B5C718002F3AD5 /* PreprocessorChecks.swift in Sources */,
				B4D8EC6724B4CB33002F3AD5 /* InputFieldDelegate.swift in Sources */,
				B4D8EC7624B4CB33002F3AD5 /* HeaderView.swift in Sources */,
				B4D8ED3024B5C819002F3AD5 /* UITableViewCell+Utils.swift in Sources */,
				B4D8ECC024B4CFB7002F3AD5 /* ColorToolkit.swift in Sources */,
				B4D8EC6324B4CB33002F3AD5 /* ScrollContentIndicator.swift in Sources */,
				B4D8ED2A24B5C6C2002F3AD5 /* UIImage+Utils.swift in Sources */,
				B4D8ECD324B4D721002F3AD5 /* FontStyle.swift in Sources */,
				B8DD218724D17BFE0096D68C /* SpacerView.swift in Sources */,
				B4D8EC9524B4CB33002F3AD5 /* SegmentSelectorCenteredContentLayout.swift in Sources */,
				B4D8ED1B24B5B8C0002F3AD5 /* UIStackView+Utils.swift in Sources */,
				B4D8ECB224B4CB33002F3AD5 /* ValidatableView.swift in Sources */,
				B4D8ECCC24B4D26B002F3AD5 /* AssetCatalog+Themed.swift in Sources */,
				B4D8ECC424B4D05D002F3AD5 /* BrandStyle.swift in Sources */,
				B4D8ECDD24B4DAB6002F3AD5 /* ScrollStackView.swift in Sources */,
				B4D8EC7124B4CB33002F3AD5 /* InputFieldValidationStrategy.swift in Sources */,
				B4D8EC5224B4CB33002F3AD5 /* FeedbackViewController.swift in Sources */,
				B4D8EC6524B4CB33002F3AD5 /* InputFieldStyle+Toolkit.swift in Sources */,
				B4D8EC9A24B4CB33002F3AD5 /* LoadErrorViewControllerDelegate.swift in Sources */,
				B4D8ECAB24B4CB33002F3AD5 /* ListCellView.swift in Sources */,
				B4D8ECCB24B4D26B002F3AD5 /* ThemeVariant.swift in Sources */,
				B4D8EC6B24B4CB33002F3AD5 /* TextInput.swift in Sources */,
				B4D8ECA424B4CB33002F3AD5 /* VerticallyCenteredPresetView.swift in Sources */,
				B4D8EC5E24B4CB33002F3AD5 /* FeedbackView.swift in Sources */,
				B8DD218424D17BBD0096D68C /* PopoverMessageView.swift in Sources */,
				B8DD218924D17C4F0096D68C /* PopoverAssets.swift in Sources */,
				B4D8ED3224B5C844002F3AD5 /* UICollectionViewCell+Utils.swift in Sources */,
				B4D8ECA924B4CB33002F3AD5 /* CellCenterSectionView.swift in Sources */,
				B4D8EC6F24B4CB33002F3AD5 /* PhoneNumberInputFieldValidationStrategy.swift in Sources */,
				B4D8ECBE24B4CFB7002F3AD5 /* MovistarColorPalette.swift in Sources */,
				B4D8ED2424B5C5AA002F3AD5 /* KeyboardInfo.swift in Sources */,
				B4D8EC7724B4CB33002F3AD5 /* HeaderViewStyle.swift in Sources */,
				B4D8EC5324B4CB33002F3AD5 /* FeedbackUIAssets.swift in Sources */,
				B4D8EC6624B4CB33002F3AD5 /* InputFieldAssets.swift in Sources */,
				B4D8EC7824B4CB33002F3AD5 /* SectionTitleHeaderView.swift in Sources */,
				B4D8ECBF24B4CFB7002F3AD5 /* VivoColorPalette.swift in Sources */,
				B4D8ECDA24B4DA87002F3AD5 /* BoundsChangeInvalidatingFlowLayout.swift in Sources */,
				B4D8ECC124B4CFB7002F3AD5 /* ColorPalette.swift in Sources */,
				B4D8EC5F24B4CB33002F3AD5 /* ScrollContentIndicatorStyle.swift in Sources */,
				B4D8ED3424B5D650002F3AD5 /* Array+NSAttributedString.swift in Sources */,
				B4D8ED2824B5C674002F3AD5 /* UIButton+Utils.swift in Sources */,
				B4D8ECB124B4CB33002F3AD5 /* TagView.swift in Sources */,
				B4D8ECDF24B4DD2D002F3AD5 /* GradientView.swift in Sources */,
				B4D8EC8A24B4CB33002F3AD5 /* CroutonController.swift in Sources */,
				B4D8EC9824B4CB33002F3AD5 /* LoadErrorViewController.swift in Sources */,
				B4D8ECC224B4CFB7002F3AD5 /* O2ColorPalette.swift in Sources */,
				B413036F24B84F8900212D16 /* AssetType.swift in Sources */,
				B4D8EC8224B4CB33002F3AD5 /* IntrinsictHeightLabel.swift in Sources */,
				B4D8ECAA24B4CB33002F3AD5 /* CellLeftSectionView.swift in Sources */,
				B4D8ED1224B5B6E9002F3AD5 /* String+Utils.swift in Sources */,
				B41303CE24B8637C00212D16 /* UITableViewHeaderFooterView+Utils.swift in Sources */,
				B4D8EC9B24B4CB33002F3AD5 /* ButtonContentView.swift in Sources */,
				B4D8EC9624B4CB33002F3AD5 /* LoadErrorViewControllerLifecycleDelegate.swift in Sources */,
				B4D8EC7024B4CB33002F3AD5 /* PasswordInputFieldValidationStrategy.swift in Sources */,
				B4D8EC8824B4CB33002F3AD5 /* CroutonConfig.swift in Sources */,
				B4D8ECE324B4DD60002F3AD5 /* SeparatorView.swift in Sources */,
				B4D8EC7B24B4CB33002F3AD5 /* BadgeView.swift in Sources */,
				B4D8EC8D24B4CB33002F3AD5 /* SegmentSelector.swift in Sources */,
				B4D8ECD224B4D721002F3AD5 /* FontSize.swift in Sources */,
				B4D8EC6424B4CB33002F3AD5 /* UIViewPropertyAnimator+InputField.swift in Sources */,
				B8DD218124D17BBD0096D68C /* PopoverView.swift in Sources */,
				B4D8ED0024B5B513002F3AD5 /* PaddingLabel.swift in Sources */,
				B4D8ED1F24B5BA53002F3AD5 /* IntrinsicHeightTextView.swift in Sources */,
				B4D8ED3824B5EF85002F3AD5 /* Mistica.swift in Sources */,
				B4D8EC9324B4CB33002F3AD5 /* Segment.swift in Sources */,
				B4D8EC8C24B4CB33002F3AD5 /* SegmentCell.swift in Sources */,
				B4D8ECAC24B4CB33002F3AD5 /* ListCellStyle+Toolkit.swift in Sources */,
				B4D8ED0924B5B596002F3AD5 /* UIBarButtonItem+Utils.swift in Sources */,
				B4D8EC6C24B4CB33002F3AD5 /* InputField.swift in Sources */,
				B4D8EC8B24B4CB33002F3AD5 /* CustomCroutonContainer.swift in Sources */,
				B4D8ECD424B4D721002F3AD5 /* FontToolkit.swift in Sources */,
				B4D8ECA324B4CB33002F3AD5 /* NavigationPresetView.swift in Sources */,
				B8DD218324D17BBD0096D68C /* PopoverConfiguration.swift in Sources */,
			);
			runOnlyForDeploymentPostprocessing = 0;
		};
/* End PBXSourcesBuildPhase section */

/* Begin XCBuildConfiguration section */
		B4D8EB8524B46B91002F3AD5 /* Debug */ = {
			isa = XCBuildConfiguration;
			buildSettings = {
				ALWAYS_SEARCH_USER_PATHS = NO;
				CLANG_ANALYZER_NONNULL = YES;
				CLANG_ANALYZER_NUMBER_OBJECT_CONVERSION = YES_AGGRESSIVE;
				CLANG_CXX_LANGUAGE_STANDARD = "gnu++14";
				CLANG_CXX_LIBRARY = "libc++";
				CLANG_ENABLE_MODULES = YES;
				CLANG_ENABLE_OBJC_ARC = YES;
				CLANG_ENABLE_OBJC_WEAK = YES;
				CLANG_WARN_BLOCK_CAPTURE_AUTORELEASING = YES;
				CLANG_WARN_BOOL_CONVERSION = YES;
				CLANG_WARN_COMMA = YES;
				CLANG_WARN_CONSTANT_CONVERSION = YES;
				CLANG_WARN_DEPRECATED_OBJC_IMPLEMENTATIONS = YES;
				CLANG_WARN_DIRECT_OBJC_ISA_USAGE = YES_ERROR;
				CLANG_WARN_DOCUMENTATION_COMMENTS = YES;
				CLANG_WARN_EMPTY_BODY = YES;
				CLANG_WARN_ENUM_CONVERSION = YES;
				CLANG_WARN_INFINITE_RECURSION = YES;
				CLANG_WARN_INT_CONVERSION = YES;
				CLANG_WARN_NON_LITERAL_NULL_CONVERSION = YES;
				CLANG_WARN_OBJC_IMPLICIT_RETAIN_SELF = YES;
				CLANG_WARN_OBJC_LITERAL_CONVERSION = YES;
				CLANG_WARN_OBJC_ROOT_CLASS = YES_ERROR;
				CLANG_WARN_RANGE_LOOP_ANALYSIS = YES;
				CLANG_WARN_STRICT_PROTOTYPES = YES;
				CLANG_WARN_SUSPICIOUS_MOVE = YES;
				CLANG_WARN_UNGUARDED_AVAILABILITY = YES_AGGRESSIVE;
				CLANG_WARN_UNREACHABLE_CODE = YES;
				CLANG_WARN__DUPLICATE_METHOD_MATCH = YES;
				COPY_PHASE_STRIP = NO;
				CURRENT_PROJECT_VERSION = 1;
				DEBUG_INFORMATION_FORMAT = dwarf;
				ENABLE_STRICT_OBJC_MSGSEND = YES;
				ENABLE_TESTABILITY = YES;
				GCC_C_LANGUAGE_STANDARD = gnu11;
				GCC_DYNAMIC_NO_PIC = NO;
				GCC_NO_COMMON_BLOCKS = YES;
				GCC_OPTIMIZATION_LEVEL = 0;
				GCC_PREPROCESSOR_DEFINITIONS = (
					"DEBUG=1",
					"$(inherited)",
				);
				GCC_WARN_64_TO_32_BIT_CONVERSION = YES;
				GCC_WARN_ABOUT_RETURN_TYPE = YES_ERROR;
				GCC_WARN_UNDECLARED_SELECTOR = YES;
				GCC_WARN_UNINITIALIZED_AUTOS = YES_AGGRESSIVE;
				GCC_WARN_UNUSED_FUNCTION = YES;
				GCC_WARN_UNUSED_VARIABLE = YES;
				IPHONEOS_DEPLOYMENT_TARGET = 11.0;
				MTL_ENABLE_DEBUG_INFO = INCLUDE_SOURCE;
				MTL_FAST_MATH = YES;
				ONLY_ACTIVE_ARCH = YES;
				SDKROOT = iphoneos;
				SWIFT_ACTIVE_COMPILATION_CONDITIONS = DEBUG;
				SWIFT_OPTIMIZATION_LEVEL = "-Onone";
				VERSIONING_SYSTEM = "apple-generic";
				VERSION_INFO_PREFIX = "";
			};
			name = Debug;
		};
		B4D8EB8624B46B91002F3AD5 /* Release */ = {
			isa = XCBuildConfiguration;
			buildSettings = {
				ALWAYS_SEARCH_USER_PATHS = NO;
				CLANG_ANALYZER_NONNULL = YES;
				CLANG_ANALYZER_NUMBER_OBJECT_CONVERSION = YES_AGGRESSIVE;
				CLANG_CXX_LANGUAGE_STANDARD = "gnu++14";
				CLANG_CXX_LIBRARY = "libc++";
				CLANG_ENABLE_MODULES = YES;
				CLANG_ENABLE_OBJC_ARC = YES;
				CLANG_ENABLE_OBJC_WEAK = YES;
				CLANG_WARN_BLOCK_CAPTURE_AUTORELEASING = YES;
				CLANG_WARN_BOOL_CONVERSION = YES;
				CLANG_WARN_COMMA = YES;
				CLANG_WARN_CONSTANT_CONVERSION = YES;
				CLANG_WARN_DEPRECATED_OBJC_IMPLEMENTATIONS = YES;
				CLANG_WARN_DIRECT_OBJC_ISA_USAGE = YES_ERROR;
				CLANG_WARN_DOCUMENTATION_COMMENTS = YES;
				CLANG_WARN_EMPTY_BODY = YES;
				CLANG_WARN_ENUM_CONVERSION = YES;
				CLANG_WARN_INFINITE_RECURSION = YES;
				CLANG_WARN_INT_CONVERSION = YES;
				CLANG_WARN_NON_LITERAL_NULL_CONVERSION = YES;
				CLANG_WARN_OBJC_IMPLICIT_RETAIN_SELF = YES;
				CLANG_WARN_OBJC_LITERAL_CONVERSION = YES;
				CLANG_WARN_OBJC_ROOT_CLASS = YES_ERROR;
				CLANG_WARN_RANGE_LOOP_ANALYSIS = YES;
				CLANG_WARN_STRICT_PROTOTYPES = YES;
				CLANG_WARN_SUSPICIOUS_MOVE = YES;
				CLANG_WARN_UNGUARDED_AVAILABILITY = YES_AGGRESSIVE;
				CLANG_WARN_UNREACHABLE_CODE = YES;
				CLANG_WARN__DUPLICATE_METHOD_MATCH = YES;
				COPY_PHASE_STRIP = NO;
				CURRENT_PROJECT_VERSION = 1;
				DEBUG_INFORMATION_FORMAT = "dwarf-with-dsym";
				ENABLE_NS_ASSERTIONS = NO;
				ENABLE_STRICT_OBJC_MSGSEND = YES;
				GCC_C_LANGUAGE_STANDARD = gnu11;
				GCC_NO_COMMON_BLOCKS = YES;
				GCC_WARN_64_TO_32_BIT_CONVERSION = YES;
				GCC_WARN_ABOUT_RETURN_TYPE = YES_ERROR;
				GCC_WARN_UNDECLARED_SELECTOR = YES;
				GCC_WARN_UNINITIALIZED_AUTOS = YES_AGGRESSIVE;
				GCC_WARN_UNUSED_FUNCTION = YES;
				GCC_WARN_UNUSED_VARIABLE = YES;
				IPHONEOS_DEPLOYMENT_TARGET = 11.0;
				MTL_ENABLE_DEBUG_INFO = NO;
				MTL_FAST_MATH = YES;
				SDKROOT = iphoneos;
				SWIFT_COMPILATION_MODE = wholemodule;
				SWIFT_OPTIMIZATION_LEVEL = "-O";
				VALIDATE_PRODUCT = YES;
				VERSIONING_SYSTEM = "apple-generic";
				VERSION_INFO_PREFIX = "";
			};
			name = Release;
		};
		B4D8EB8824B46B91002F3AD5 /* Debug */ = {
			isa = XCBuildConfiguration;
			baseConfigurationReference = B4D8EB8B24B498F4002F3AD5 /* Mistica.xcconfig */;
			buildSettings = {
				APPLICATION_EXTENSION_API_ONLY = YES;
				FRAMEWORK_SEARCH_PATHS = (
					"$(inherited)",
					"$(PROJECT_DIR)/Carthage/Build/iOS",
				);
				SUPPORTS_MACCATALYST = NO;
			};
			name = Debug;
		};
		B4D8EB8924B46B91002F3AD5 /* Release */ = {
			isa = XCBuildConfiguration;
			baseConfigurationReference = B4D8EB8B24B498F4002F3AD5 /* Mistica.xcconfig */;
			buildSettings = {
				APPLICATION_EXTENSION_API_ONLY = YES;
				FRAMEWORK_SEARCH_PATHS = (
					"$(inherited)",
					"$(PROJECT_DIR)/Carthage/Build/iOS",
				);
				SUPPORTS_MACCATALYST = NO;
			};
			name = Release;
		};
/* End XCBuildConfiguration section */

/* Begin XCConfigurationList section */
		B4D8EB7924B46B91002F3AD5 /* Build configuration list for PBXProject "Mistica" */ = {
			isa = XCConfigurationList;
			buildConfigurations = (
				B4D8EB8524B46B91002F3AD5 /* Debug */,
				B4D8EB8624B46B91002F3AD5 /* Release */,
			);
			defaultConfigurationIsVisible = 0;
			defaultConfigurationName = Release;
		};
		B4D8EB8724B46B91002F3AD5 /* Build configuration list for PBXNativeTarget "Mistica" */ = {
			isa = XCConfigurationList;
			buildConfigurations = (
				B4D8EB8824B46B91002F3AD5 /* Debug */,
				B4D8EB8924B46B91002F3AD5 /* Release */,
			);
			defaultConfigurationIsVisible = 0;
			defaultConfigurationName = Release;
		};
/* End XCConfigurationList section */
	};
	rootObject = B4D8EB7624B46B91002F3AD5 /* Project object */;
}
