// !$*UTF8*$!
{
	archiveVersion = 1;
	classes = {
	};
	objectVersion = 52;
	objects = {

/* Begin PBXBuildFile section */
		1860058F28A136CE009C3778 /* ColorsView.swift in Sources */ = {isa = PBXBuildFile; fileRef = 1860058E28A136CE009C3778 /* ColorsView.swift */; };
		1882EF41286EFF5F00F959FA /* MisticaSwiftUI in Frameworks */ = {isa = PBXBuildFile; productRef = 1882EF40286EFF5F00F959FA /* MisticaSwiftUI */; };
		18E17AED287FFFBF0051E505 /* CatalogRow.swift in Sources */ = {isa = PBXBuildFile; fileRef = 18E17AEC287FFFBF0051E505 /* CatalogRow.swift */; };
		18E17AEF288007340051E505 /* Framework.swift in Sources */ = {isa = PBXBuildFile; fileRef = 18E17AEE288007340051E505 /* Framework.swift */; };
		18E3452C289D46C5005E6D81 /* FontsView.swift in Sources */ = {isa = PBXBuildFile; fileRef = 18E3452B289D46C5005E6D81 /* FontsView.swift */; };
		18E4857B287F19EB0052A6F2 /* CatalogList.swift in Sources */ = {isa = PBXBuildFile; fileRef = 18E48549287F19EB0052A6F2 /* CatalogList.swift */; };
		18E4857C287F19EB0052A6F2 /* View+Catalog.swift in Sources */ = {isa = PBXBuildFile; fileRef = 18E4854B287F19EB0052A6F2 /* View+Catalog.swift */; };
		18E4857D287F19EB0052A6F2 /* InputFieldCatalogView.swift in Sources */ = {isa = PBXBuildFile; fileRef = 18E4854D287F19EB0052A6F2 /* InputFieldCatalogView.swift */; };
		18E4857E287F19EB0052A6F2 /* StepperCatalogVIew.swift in Sources */ = {isa = PBXBuildFile; fileRef = 18E4854E287F19EB0052A6F2 /* StepperCatalogVIew.swift */; };
		18E4857F287F19EB0052A6F2 /* EmptyStateCatalogView.swift in Sources */ = {isa = PBXBuildFile; fileRef = 18E4854F287F19EB0052A6F2 /* EmptyStateCatalogView.swift */; };
		18E48580287F19EB0052A6F2 /* SnackbarCatalogView.swift in Sources */ = {isa = PBXBuildFile; fileRef = 18E48550287F19EB0052A6F2 /* SnackbarCatalogView.swift */; };
		18E48581287F19EB0052A6F2 /* CalloutCatalogView.swift in Sources */ = {isa = PBXBuildFile; fileRef = 18E48551287F19EB0052A6F2 /* CalloutCatalogView.swift */; };
		18E48582287F19EB0052A6F2 /* FeedbackCatalogView.swift in Sources */ = {isa = PBXBuildFile; fileRef = 18E48552287F19EB0052A6F2 /* FeedbackCatalogView.swift */; };
		18E48583287F19EB0052A6F2 /* RadioButtonCatalogView.swift in Sources */ = {isa = PBXBuildFile; fileRef = 18E48553287F19EB0052A6F2 /* RadioButtonCatalogView.swift */; };
		18E48584287F19EB0052A6F2 /* CarouselCatalogView.swift in Sources */ = {isa = PBXBuildFile; fileRef = 18E48554287F19EB0052A6F2 /* CarouselCatalogView.swift */; };
		18E48585287F19EB0052A6F2 /* ChipCatalogView.swift in Sources */ = {isa = PBXBuildFile; fileRef = 18E48555287F19EB0052A6F2 /* ChipCatalogView.swift */; };
		18E48586287F19EB0052A6F2 /* ButtonCatalogView.swift in Sources */ = {isa = PBXBuildFile; fileRef = 18E48556287F19EB0052A6F2 /* ButtonCatalogView.swift */; };
		18E48587287F19EB0052A6F2 /* DataCardCatalogView.swift in Sources */ = {isa = PBXBuildFile; fileRef = 18E48557287F19EB0052A6F2 /* DataCardCatalogView.swift */; };
		18E48588287F19EB0052A6F2 /* CheckboxCatalogView.swift in Sources */ = {isa = PBXBuildFile; fileRef = 18E48558287F19EB0052A6F2 /* CheckboxCatalogView.swift */; };
		18E48589287F19EB0052A6F2 /* TabsCatalogView.swift in Sources */ = {isa = PBXBuildFile; fileRef = 18E48559287F19EB0052A6F2 /* TabsCatalogView.swift */; };
		18E4858A287F19EB0052A6F2 /* BadgeCatalogView.swift in Sources */ = {isa = PBXBuildFile; fileRef = 18E4855A287F19EB0052A6F2 /* BadgeCatalogView.swift */; };
		18E4858B287F19EB0052A6F2 /* TagCatalogView.swift in Sources */ = {isa = PBXBuildFile; fileRef = 18E4855B287F19EB0052A6F2 /* TagCatalogView.swift */; };
		18E4858C287F19EB0052A6F2 /* ListCatalogView.swift in Sources */ = {isa = PBXBuildFile; fileRef = 18E4855C287F19EB0052A6F2 /* ListCatalogView.swift */; };
		18E4858F287F19EB0052A6F2 /* UICatalogScrollContentIndicatorViewController.swift in Sources */ = {isa = PBXBuildFile; fileRef = 18E48560287F19EB0052A6F2 /* UICatalogScrollContentIndicatorViewController.swift */; };
		18E48590287F19EB0052A6F2 /* UICatalogFeedbacksViewController.swift in Sources */ = {isa = PBXBuildFile; fileRef = 18E48561287F19EB0052A6F2 /* UICatalogFeedbacksViewController.swift */; };
		18E48591287F19EB0052A6F2 /* UICatalogHighlightedCardViewController.swift in Sources */ = {isa = PBXBuildFile; fileRef = 18E48562287F19EB0052A6F2 /* UICatalogHighlightedCardViewController.swift */; };
		18E48592287F19EB0052A6F2 /* UICatalogDataCardViewController.swift in Sources */ = {isa = PBXBuildFile; fileRef = 18E48563287F19EB0052A6F2 /* UICatalogDataCardViewController.swift */; };
		18E48593287F19EB0052A6F2 /* UICatalogEmptyStateViewController.swift in Sources */ = {isa = PBXBuildFile; fileRef = 18E48564287F19EB0052A6F2 /* UICatalogEmptyStateViewController.swift */; };
		18E48594287F19EB0052A6F2 /* UICatalogMediaCardViewController.swift in Sources */ = {isa = PBXBuildFile; fileRef = 18E48565287F19EB0052A6F2 /* UICatalogMediaCardViewController.swift */; };
		18E48595287F19EB0052A6F2 /* UICatalogButtonsViewController.swift in Sources */ = {isa = PBXBuildFile; fileRef = 18E48566287F19EB0052A6F2 /* UICatalogButtonsViewController.swift */; };
		18E48596287F19EB0052A6F2 /* UICatalogFormViewController.swift in Sources */ = {isa = PBXBuildFile; fileRef = 18E48567287F19EB0052A6F2 /* UICatalogFormViewController.swift */; };
		18E48597287F19EB0052A6F2 /* UICatalogCardsViewController.swift in Sources */ = {isa = PBXBuildFile; fileRef = 18E48568287F19EB0052A6F2 /* UICatalogCardsViewController.swift */; };
		18E48598287F19EB0052A6F2 /* UICatalogStepperViewController.swift in Sources */ = {isa = PBXBuildFile; fileRef = 18E48569287F19EB0052A6F2 /* UICatalogStepperViewController.swift */; };
		18E4859A287F19EB0052A6F2 /* UICatalogInputFieldsViewController.swift in Sources */ = {isa = PBXBuildFile; fileRef = 18E4856B287F19EB0052A6F2 /* UICatalogInputFieldsViewController.swift */; };
		18E4859B287F19EB0052A6F2 /* UICatalogViewStatesViewController.swift in Sources */ = {isa = PBXBuildFile; fileRef = 18E4856C287F19EB0052A6F2 /* UICatalogViewStatesViewController.swift */; };
		18E4859C287F19EB0052A6F2 /* UICatalogControlsViewController.swift in Sources */ = {isa = PBXBuildFile; fileRef = 18E4856D287F19EB0052A6F2 /* UICatalogControlsViewController.swift */; };
		18E4859D287F19EB0052A6F2 /* UICatalogCalloutViewController.swift in Sources */ = {isa = PBXBuildFile; fileRef = 18E4856E287F19EB0052A6F2 /* UICatalogCalloutViewController.swift */; };
		18E4859E287F19EB0052A6F2 /* UICatalogTagsViewController.swift in Sources */ = {isa = PBXBuildFile; fileRef = 18E4856F287F19EB0052A6F2 /* UICatalogTagsViewController.swift */; };
		18E4859F287F19EB0052A6F2 /* UICatalogPopoverViewController.swift in Sources */ = {isa = PBXBuildFile; fileRef = 18E48570287F19EB0052A6F2 /* UICatalogPopoverViewController.swift */; };
		18E485A0287F19EB0052A6F2 /* UICatalogListsViewController.swift in Sources */ = {isa = PBXBuildFile; fileRef = 18E48571287F19EB0052A6F2 /* UICatalogListsViewController.swift */; };
		18E485A1287F19EB0052A6F2 /* UICatalogTabsViewController.swift in Sources */ = {isa = PBXBuildFile; fileRef = 18E48572287F19EB0052A6F2 /* UICatalogTabsViewController.swift */; };
		18E485A2287F19EB0052A6F2 /* UICatalogFilterViewController.swift in Sources */ = {isa = PBXBuildFile; fileRef = 18E48573287F19EB0052A6F2 /* UICatalogFilterViewController.swift */; };
		18E485A3287F19EB0052A6F2 /* UICatalogSectionTitleViewController.swift in Sources */ = {isa = PBXBuildFile; fileRef = 18E48574287F19EB0052A6F2 /* UICatalogSectionTitleViewController.swift */; };
		18E485A4287F19EB0052A6F2 /* UICatalogCroutonViewController.swift in Sources */ = {isa = PBXBuildFile; fileRef = 18E48575287F19EB0052A6F2 /* UICatalogCroutonViewController.swift */; };
		18E485A5287F19EB0052A6F2 /* UICatalogBadgeViewController.swift in Sources */ = {isa = PBXBuildFile; fileRef = 18E48576287F19EB0052A6F2 /* UICatalogBadgeViewController.swift */; };
		18E485A6287F19EB0052A6F2 /* UICatalogHeaderViewController.swift in Sources */ = {isa = PBXBuildFile; fileRef = 18E48577287F19EB0052A6F2 /* UICatalogHeaderViewController.swift */; };
		B8EE89F22614B57600F79386 /* AppCenterDistribute in Frameworks */ = {isa = PBXBuildFile; productRef = B8EE89F12614B57600F79386 /* AppCenterDistribute */; };
		B8F9902C2546C98600DFBFE9 /* LaunchScreen.storyboard in Resources */ = {isa = PBXBuildFile; fileRef = B8F98FFE2546C98600DFBFE9 /* LaunchScreen.storyboard */; };
		B8F990302546C98700DFBFE9 /* Assets.xcassets in Resources */ = {isa = PBXBuildFile; fileRef = B8F990032546C98600DFBFE9 /* Assets.xcassets */; };
		B8F990322546C98700DFBFE9 /* CatalogAssets.swift in Sources */ = {isa = PBXBuildFile; fileRef = B8F990072546C98600DFBFE9 /* CatalogAssets.swift */; };
		B8F990332546C98700DFBFE9 /* UIView+Utils.swift in Sources */ = {isa = PBXBuildFile; fileRef = B8F990092546C98600DFBFE9 /* UIView+Utils.swift */; };
		B8F990352546C98700DFBFE9 /* UITableView+Utils.swift in Sources */ = {isa = PBXBuildFile; fileRef = B8F9900B2546C98600DFBFE9 /* UITableView+Utils.swift */; };
		B8F990362546C98700DFBFE9 /* UITableViewCell+Utils.swift in Sources */ = {isa = PBXBuildFile; fileRef = B8F9900C2546C98600DFBFE9 /* UITableViewCell+Utils.swift */; };
		B8F990372546C98700DFBFE9 /* Optional+Utils.swift in Sources */ = {isa = PBXBuildFile; fileRef = B8F9900D2546C98600DFBFE9 /* Optional+Utils.swift */; };
		B8F990382546C98700DFBFE9 /* UIImage+Utils.swift in Sources */ = {isa = PBXBuildFile; fileRef = B8F9900E2546C98600DFBFE9 /* UIImage+Utils.swift */; };
		B8F990392546C98700DFBFE9 /* Bundle+MisticaCatalog.swift in Sources */ = {isa = PBXBuildFile; fileRef = B8F9900F2546C98600DFBFE9 /* Bundle+MisticaCatalog.swift */; };
		B8F9903A2546C98700DFBFE9 /* UISwitchTableViewCell.swift in Sources */ = {isa = PBXBuildFile; fileRef = B8F990112546C98600DFBFE9 /* UISwitchTableViewCell.swift */; };
		B8F9903B2546C98700DFBFE9 /* DefaultTableHeaderView.swift in Sources */ = {isa = PBXBuildFile; fileRef = B8F990122546C98600DFBFE9 /* DefaultTableHeaderView.swift */; };
		B8F9903C2546C98700DFBFE9 /* UISegmentedControlTableViewCell.swift in Sources */ = {isa = PBXBuildFile; fileRef = B8F990132546C98600DFBFE9 /* UISegmentedControlTableViewCell.swift */; };
		B8F9903D2546C98700DFBFE9 /* UITextFieldTableViewCell.swift in Sources */ = {isa = PBXBuildFile; fileRef = B8F990142546C98600DFBFE9 /* UITextFieldTableViewCell.swift */; };
		B8F9903E2546C98700DFBFE9 /* MisticaCatalogApp.swift in Sources */ = {isa = PBXBuildFile; fileRef = B8F990152546C98600DFBFE9 /* MisticaCatalogApp.swift */; };
		B8F990522546C98700DFBFE9 /* AppDelegate.swift in Sources */ = {isa = PBXBuildFile; fileRef = B8F9902A2546C98600DFBFE9 /* AppDelegate.swift */; };
		B8F990532546C98700DFBFE9 /* ComponentsView.swift in Sources */ = {isa = PBXBuildFile; fileRef = B8F9902B2546C98600DFBFE9 /* ComponentsView.swift */; };
		B8F990632546CAA500DFBFE9 /* Mistica in Frameworks */ = {isa = PBXBuildFile; productRef = B8F990622546CAA500DFBFE9 /* Mistica */; };
/* End PBXBuildFile section */

/* Begin PBXFileReference section */
		1860058E28A136CE009C3778 /* ColorsView.swift */ = {isa = PBXFileReference; lastKnownFileType = sourcecode.swift; path = ColorsView.swift; sourceTree = "<group>"; };
		18E17AEC287FFFBF0051E505 /* CatalogRow.swift */ = {isa = PBXFileReference; lastKnownFileType = sourcecode.swift; path = CatalogRow.swift; sourceTree = "<group>"; };
		18E17AEE288007340051E505 /* Framework.swift */ = {isa = PBXFileReference; lastKnownFileType = sourcecode.swift; path = Framework.swift; sourceTree = "<group>"; };
		18E3452B289D46C5005E6D81 /* FontsView.swift */ = {isa = PBXFileReference; lastKnownFileType = sourcecode.swift; path = FontsView.swift; sourceTree = "<group>"; };
		18E48549287F19EB0052A6F2 /* CatalogList.swift */ = {isa = PBXFileReference; fileEncoding = 4; lastKnownFileType = sourcecode.swift; path = CatalogList.swift; sourceTree = "<group>"; };
		18E4854B287F19EB0052A6F2 /* View+Catalog.swift */ = {isa = PBXFileReference; fileEncoding = 4; lastKnownFileType = sourcecode.swift; path = "View+Catalog.swift"; sourceTree = "<group>"; };
		18E4854D287F19EB0052A6F2 /* InputFieldCatalogView.swift */ = {isa = PBXFileReference; fileEncoding = 4; lastKnownFileType = sourcecode.swift; path = InputFieldCatalogView.swift; sourceTree = "<group>"; };
		18E4854E287F19EB0052A6F2 /* StepperCatalogVIew.swift */ = {isa = PBXFileReference; fileEncoding = 4; lastKnownFileType = sourcecode.swift; path = StepperCatalogVIew.swift; sourceTree = "<group>"; };
		18E4854F287F19EB0052A6F2 /* EmptyStateCatalogView.swift */ = {isa = PBXFileReference; fileEncoding = 4; lastKnownFileType = sourcecode.swift; path = EmptyStateCatalogView.swift; sourceTree = "<group>"; };
		18E48550287F19EB0052A6F2 /* SnackbarCatalogView.swift */ = {isa = PBXFileReference; fileEncoding = 4; lastKnownFileType = sourcecode.swift; path = SnackbarCatalogView.swift; sourceTree = "<group>"; };
		18E48551287F19EB0052A6F2 /* CalloutCatalogView.swift */ = {isa = PBXFileReference; fileEncoding = 4; lastKnownFileType = sourcecode.swift; path = CalloutCatalogView.swift; sourceTree = "<group>"; };
		18E48552287F19EB0052A6F2 /* FeedbackCatalogView.swift */ = {isa = PBXFileReference; fileEncoding = 4; lastKnownFileType = sourcecode.swift; path = FeedbackCatalogView.swift; sourceTree = "<group>"; };
		18E48553287F19EB0052A6F2 /* RadioButtonCatalogView.swift */ = {isa = PBXFileReference; fileEncoding = 4; lastKnownFileType = sourcecode.swift; path = RadioButtonCatalogView.swift; sourceTree = "<group>"; };
		18E48554287F19EB0052A6F2 /* CarouselCatalogView.swift */ = {isa = PBXFileReference; fileEncoding = 4; lastKnownFileType = sourcecode.swift; path = CarouselCatalogView.swift; sourceTree = "<group>"; };
		18E48555287F19EB0052A6F2 /* ChipCatalogView.swift */ = {isa = PBXFileReference; fileEncoding = 4; lastKnownFileType = sourcecode.swift; path = ChipCatalogView.swift; sourceTree = "<group>"; };
		18E48556287F19EB0052A6F2 /* ButtonCatalogView.swift */ = {isa = PBXFileReference; fileEncoding = 4; lastKnownFileType = sourcecode.swift; path = ButtonCatalogView.swift; sourceTree = "<group>"; };
		18E48557287F19EB0052A6F2 /* DataCardCatalogView.swift */ = {isa = PBXFileReference; fileEncoding = 4; lastKnownFileType = sourcecode.swift; path = DataCardCatalogView.swift; sourceTree = "<group>"; };
		18E48558287F19EB0052A6F2 /* CheckboxCatalogView.swift */ = {isa = PBXFileReference; fileEncoding = 4; lastKnownFileType = sourcecode.swift; path = CheckboxCatalogView.swift; sourceTree = "<group>"; };
		18E48559287F19EB0052A6F2 /* TabsCatalogView.swift */ = {isa = PBXFileReference; fileEncoding = 4; lastKnownFileType = sourcecode.swift; path = TabsCatalogView.swift; sourceTree = "<group>"; };
		18E4855A287F19EB0052A6F2 /* BadgeCatalogView.swift */ = {isa = PBXFileReference; fileEncoding = 4; lastKnownFileType = sourcecode.swift; path = BadgeCatalogView.swift; sourceTree = "<group>"; };
		18E4855B287F19EB0052A6F2 /* TagCatalogView.swift */ = {isa = PBXFileReference; fileEncoding = 4; lastKnownFileType = sourcecode.swift; path = TagCatalogView.swift; sourceTree = "<group>"; };
		18E4855C287F19EB0052A6F2 /* ListCatalogView.swift */ = {isa = PBXFileReference; fileEncoding = 4; lastKnownFileType = sourcecode.swift; path = ListCatalogView.swift; sourceTree = "<group>"; };
		18E48560287F19EB0052A6F2 /* UICatalogScrollContentIndicatorViewController.swift */ = {isa = PBXFileReference; fileEncoding = 4; lastKnownFileType = sourcecode.swift; path = UICatalogScrollContentIndicatorViewController.swift; sourceTree = "<group>"; };
		18E48561287F19EB0052A6F2 /* UICatalogFeedbacksViewController.swift */ = {isa = PBXFileReference; fileEncoding = 4; lastKnownFileType = sourcecode.swift; path = UICatalogFeedbacksViewController.swift; sourceTree = "<group>"; };
		18E48562287F19EB0052A6F2 /* UICatalogHighlightedCardViewController.swift */ = {isa = PBXFileReference; fileEncoding = 4; lastKnownFileType = sourcecode.swift; path = UICatalogHighlightedCardViewController.swift; sourceTree = "<group>"; };
		18E48563287F19EB0052A6F2 /* UICatalogDataCardViewController.swift */ = {isa = PBXFileReference; fileEncoding = 4; lastKnownFileType = sourcecode.swift; path = UICatalogDataCardViewController.swift; sourceTree = "<group>"; };
		18E48564287F19EB0052A6F2 /* UICatalogEmptyStateViewController.swift */ = {isa = PBXFileReference; fileEncoding = 4; lastKnownFileType = sourcecode.swift; path = UICatalogEmptyStateViewController.swift; sourceTree = "<group>"; };
		18E48565287F19EB0052A6F2 /* UICatalogMediaCardViewController.swift */ = {isa = PBXFileReference; fileEncoding = 4; lastKnownFileType = sourcecode.swift; path = UICatalogMediaCardViewController.swift; sourceTree = "<group>"; };
		18E48566287F19EB0052A6F2 /* UICatalogButtonsViewController.swift */ = {isa = PBXFileReference; fileEncoding = 4; lastKnownFileType = sourcecode.swift; path = UICatalogButtonsViewController.swift; sourceTree = "<group>"; };
		18E48567287F19EB0052A6F2 /* UICatalogFormViewController.swift */ = {isa = PBXFileReference; fileEncoding = 4; lastKnownFileType = sourcecode.swift; path = UICatalogFormViewController.swift; sourceTree = "<group>"; };
		18E48568287F19EB0052A6F2 /* UICatalogCardsViewController.swift */ = {isa = PBXFileReference; fileEncoding = 4; lastKnownFileType = sourcecode.swift; path = UICatalogCardsViewController.swift; sourceTree = "<group>"; };
		18E48569287F19EB0052A6F2 /* UICatalogStepperViewController.swift */ = {isa = PBXFileReference; fileEncoding = 4; lastKnownFileType = sourcecode.swift; path = UICatalogStepperViewController.swift; sourceTree = "<group>"; };
		18E4856B287F19EB0052A6F2 /* UICatalogInputFieldsViewController.swift */ = {isa = PBXFileReference; fileEncoding = 4; lastKnownFileType = sourcecode.swift; path = UICatalogInputFieldsViewController.swift; sourceTree = "<group>"; };
		18E4856C287F19EB0052A6F2 /* UICatalogViewStatesViewController.swift */ = {isa = PBXFileReference; fileEncoding = 4; lastKnownFileType = sourcecode.swift; path = UICatalogViewStatesViewController.swift; sourceTree = "<group>"; };
		18E4856D287F19EB0052A6F2 /* UICatalogControlsViewController.swift */ = {isa = PBXFileReference; fileEncoding = 4; lastKnownFileType = sourcecode.swift; path = UICatalogControlsViewController.swift; sourceTree = "<group>"; };
		18E4856E287F19EB0052A6F2 /* UICatalogCalloutViewController.swift */ = {isa = PBXFileReference; fileEncoding = 4; lastKnownFileType = sourcecode.swift; path = UICatalogCalloutViewController.swift; sourceTree = "<group>"; };
		18E4856F287F19EB0052A6F2 /* UICatalogTagsViewController.swift */ = {isa = PBXFileReference; fileEncoding = 4; lastKnownFileType = sourcecode.swift; path = UICatalogTagsViewController.swift; sourceTree = "<group>"; };
		18E48570287F19EB0052A6F2 /* UICatalogPopoverViewController.swift */ = {isa = PBXFileReference; fileEncoding = 4; lastKnownFileType = sourcecode.swift; path = UICatalogPopoverViewController.swift; sourceTree = "<group>"; };
		18E48571287F19EB0052A6F2 /* UICatalogListsViewController.swift */ = {isa = PBXFileReference; fileEncoding = 4; lastKnownFileType = sourcecode.swift; path = UICatalogListsViewController.swift; sourceTree = "<group>"; };
		18E48572287F19EB0052A6F2 /* UICatalogTabsViewController.swift */ = {isa = PBXFileReference; fileEncoding = 4; lastKnownFileType = sourcecode.swift; path = UICatalogTabsViewController.swift; sourceTree = "<group>"; };
		18E48573287F19EB0052A6F2 /* UICatalogFilterViewController.swift */ = {isa = PBXFileReference; fileEncoding = 4; lastKnownFileType = sourcecode.swift; path = UICatalogFilterViewController.swift; sourceTree = "<group>"; };
		18E48574287F19EB0052A6F2 /* UICatalogSectionTitleViewController.swift */ = {isa = PBXFileReference; fileEncoding = 4; lastKnownFileType = sourcecode.swift; path = UICatalogSectionTitleViewController.swift; sourceTree = "<group>"; };
		18E48575287F19EB0052A6F2 /* UICatalogCroutonViewController.swift */ = {isa = PBXFileReference; fileEncoding = 4; lastKnownFileType = sourcecode.swift; path = UICatalogCroutonViewController.swift; sourceTree = "<group>"; };
		18E48576287F19EB0052A6F2 /* UICatalogBadgeViewController.swift */ = {isa = PBXFileReference; fileEncoding = 4; lastKnownFileType = sourcecode.swift; path = UICatalogBadgeViewController.swift; sourceTree = "<group>"; };
		18E48577287F19EB0052A6F2 /* UICatalogHeaderViewController.swift */ = {isa = PBXFileReference; fileEncoding = 4; lastKnownFileType = sourcecode.swift; path = UICatalogHeaderViewController.swift; sourceTree = "<group>"; };
		B8E161F92546EF9500DA3743 /* mistica-ios */ = {isa = PBXFileReference; lastKnownFileType = folder; name = "mistica-ios"; path = ..; sourceTree = "<group>"; };
		B8F98FEA2546C95600DFBFE9 /* MisticaCatalog.app */ = {isa = PBXFileReference; explicitFileType = wrapper.application; includeInIndex = 0; path = MisticaCatalog.app; sourceTree = BUILT_PRODUCTS_DIR; };
		B8F98FFE2546C98600DFBFE9 /* LaunchScreen.storyboard */ = {isa = PBXFileReference; fileEncoding = 4; lastKnownFileType = file.storyboard; path = LaunchScreen.storyboard; sourceTree = "<group>"; };
		B8F990032546C98600DFBFE9 /* Assets.xcassets */ = {isa = PBXFileReference; lastKnownFileType = folder.assetcatalog; path = Assets.xcassets; sourceTree = "<group>"; };
		B8F990072546C98600DFBFE9 /* CatalogAssets.swift */ = {isa = PBXFileReference; fileEncoding = 4; lastKnownFileType = sourcecode.swift; path = CatalogAssets.swift; sourceTree = "<group>"; };
		B8F990092546C98600DFBFE9 /* UIView+Utils.swift */ = {isa = PBXFileReference; fileEncoding = 4; lastKnownFileType = sourcecode.swift; path = "UIView+Utils.swift"; sourceTree = "<group>"; };
		B8F9900B2546C98600DFBFE9 /* UITableView+Utils.swift */ = {isa = PBXFileReference; fileEncoding = 4; lastKnownFileType = sourcecode.swift; path = "UITableView+Utils.swift"; sourceTree = "<group>"; };
		B8F9900C2546C98600DFBFE9 /* UITableViewCell+Utils.swift */ = {isa = PBXFileReference; fileEncoding = 4; lastKnownFileType = sourcecode.swift; path = "UITableViewCell+Utils.swift"; sourceTree = "<group>"; };
		B8F9900D2546C98600DFBFE9 /* Optional+Utils.swift */ = {isa = PBXFileReference; fileEncoding = 4; lastKnownFileType = sourcecode.swift; path = "Optional+Utils.swift"; sourceTree = "<group>"; };
		B8F9900E2546C98600DFBFE9 /* UIImage+Utils.swift */ = {isa = PBXFileReference; fileEncoding = 4; lastKnownFileType = sourcecode.swift; path = "UIImage+Utils.swift"; sourceTree = "<group>"; };
		B8F9900F2546C98600DFBFE9 /* Bundle+MisticaCatalog.swift */ = {isa = PBXFileReference; fileEncoding = 4; lastKnownFileType = sourcecode.swift; path = "Bundle+MisticaCatalog.swift"; sourceTree = "<group>"; };
		B8F990112546C98600DFBFE9 /* UISwitchTableViewCell.swift */ = {isa = PBXFileReference; fileEncoding = 4; lastKnownFileType = sourcecode.swift; path = UISwitchTableViewCell.swift; sourceTree = "<group>"; };
		B8F990122546C98600DFBFE9 /* DefaultTableHeaderView.swift */ = {isa = PBXFileReference; fileEncoding = 4; lastKnownFileType = sourcecode.swift; path = DefaultTableHeaderView.swift; sourceTree = "<group>"; };
		B8F990132546C98600DFBFE9 /* UISegmentedControlTableViewCell.swift */ = {isa = PBXFileReference; fileEncoding = 4; lastKnownFileType = sourcecode.swift; path = UISegmentedControlTableViewCell.swift; sourceTree = "<group>"; };
		B8F990142546C98600DFBFE9 /* UITextFieldTableViewCell.swift */ = {isa = PBXFileReference; fileEncoding = 4; lastKnownFileType = sourcecode.swift; path = UITextFieldTableViewCell.swift; sourceTree = "<group>"; };
		B8F990152546C98600DFBFE9 /* MisticaCatalogApp.swift */ = {isa = PBXFileReference; fileEncoding = 4; lastKnownFileType = sourcecode.swift; path = MisticaCatalogApp.swift; sourceTree = "<group>"; };
		B8F9902A2546C98600DFBFE9 /* AppDelegate.swift */ = {isa = PBXFileReference; fileEncoding = 4; lastKnownFileType = sourcecode.swift; path = AppDelegate.swift; sourceTree = "<group>"; };
		B8F9902B2546C98600DFBFE9 /* ComponentsView.swift */ = {isa = PBXFileReference; fileEncoding = 4; lastKnownFileType = sourcecode.swift; path = ComponentsView.swift; sourceTree = "<group>"; };
		B8F990562546C99300DFBFE9 /* MisticaCatalogConfig.xcconfig */ = {isa = PBXFileReference; fileEncoding = 4; lastKnownFileType = text.xcconfig; path = MisticaCatalogConfig.xcconfig; sourceTree = "<group>"; };
		B8F990572546C99300DFBFE9 /* Info.plist */ = {isa = PBXFileReference; fileEncoding = 4; lastKnownFileType = text.plist.xml; path = Info.plist; sourceTree = "<group>"; };
/* End PBXFileReference section */

/* Begin PBXFrameworksBuildPhase section */
		B8F98FE72546C95600DFBFE9 /* Frameworks */ = {
			isa = PBXFrameworksBuildPhase;
			buildActionMask = 2147483647;
			files = (
				B8EE89F22614B57600F79386 /* AppCenterDistribute in Frameworks */,
				1882EF41286EFF5F00F959FA /* MisticaSwiftUI in Frameworks */,
				B8F990632546CAA500DFBFE9 /* Mistica in Frameworks */,
			);
			runOnlyForDeploymentPostprocessing = 0;
		};
/* End PBXFrameworksBuildPhase section */

/* Begin PBXGroup section */
		18E48548287F19EB0052A6F2 /* MisticaSwiftUI */ = {
			isa = PBXGroup;
			children = (
				18E4854A287F19EB0052A6F2 /* Extensions */,
				18E4854C287F19EB0052A6F2 /* Components */,
			);
			path = MisticaSwiftUI;
			sourceTree = "<group>";
		};
		18E4854A287F19EB0052A6F2 /* Extensions */ = {
			isa = PBXGroup;
			children = (
				18E4854B287F19EB0052A6F2 /* View+Catalog.swift */,
			);
			path = Extensions;
			sourceTree = "<group>";
		};
		18E4854C287F19EB0052A6F2 /* Components */ = {
			isa = PBXGroup;
			children = (
				18E4854D287F19EB0052A6F2 /* InputFieldCatalogView.swift */,
				18E4854E287F19EB0052A6F2 /* StepperCatalogVIew.swift */,
				18E4854F287F19EB0052A6F2 /* EmptyStateCatalogView.swift */,
				18E48550287F19EB0052A6F2 /* SnackbarCatalogView.swift */,
				18E48551287F19EB0052A6F2 /* CalloutCatalogView.swift */,
				18E48552287F19EB0052A6F2 /* FeedbackCatalogView.swift */,
				18E48553287F19EB0052A6F2 /* RadioButtonCatalogView.swift */,
				18E48554287F19EB0052A6F2 /* CarouselCatalogView.swift */,
				18E48555287F19EB0052A6F2 /* ChipCatalogView.swift */,
				18E48556287F19EB0052A6F2 /* ButtonCatalogView.swift */,
				18E48557287F19EB0052A6F2 /* DataCardCatalogView.swift */,
				18E48558287F19EB0052A6F2 /* CheckboxCatalogView.swift */,
				18E48559287F19EB0052A6F2 /* TabsCatalogView.swift */,
				18E4855A287F19EB0052A6F2 /* BadgeCatalogView.swift */,
				18E4855B287F19EB0052A6F2 /* TagCatalogView.swift */,
				18E4855C287F19EB0052A6F2 /* ListCatalogView.swift */,
			);
			path = Components;
			sourceTree = "<group>";
		};
		18E4855F287F19EB0052A6F2 /* Mistica */ = {
			isa = PBXGroup;
			children = (
				18E485A7287F1A870052A6F2 /* Components */,
			);
			path = Mistica;
			sourceTree = "<group>";
		};
		18E485A7287F1A870052A6F2 /* Components */ = {
			isa = PBXGroup;
			children = (
				18E48560287F19EB0052A6F2 /* UICatalogScrollContentIndicatorViewController.swift */,
				18E48561287F19EB0052A6F2 /* UICatalogFeedbacksViewController.swift */,
				18E48562287F19EB0052A6F2 /* UICatalogHighlightedCardViewController.swift */,
				18E48563287F19EB0052A6F2 /* UICatalogDataCardViewController.swift */,
				18E48564287F19EB0052A6F2 /* UICatalogEmptyStateViewController.swift */,
				18E48565287F19EB0052A6F2 /* UICatalogMediaCardViewController.swift */,
				18E48566287F19EB0052A6F2 /* UICatalogButtonsViewController.swift */,
				18E48567287F19EB0052A6F2 /* UICatalogFormViewController.swift */,
				18E48568287F19EB0052A6F2 /* UICatalogCardsViewController.swift */,
				18E48569287F19EB0052A6F2 /* UICatalogStepperViewController.swift */,
				18E4856B287F19EB0052A6F2 /* UICatalogInputFieldsViewController.swift */,
				18E4856C287F19EB0052A6F2 /* UICatalogViewStatesViewController.swift */,
				18E4856D287F19EB0052A6F2 /* UICatalogControlsViewController.swift */,
				18E4856E287F19EB0052A6F2 /* UICatalogCalloutViewController.swift */,
				18E4856F287F19EB0052A6F2 /* UICatalogTagsViewController.swift */,
				18E48570287F19EB0052A6F2 /* UICatalogPopoverViewController.swift */,
				18E48571287F19EB0052A6F2 /* UICatalogListsViewController.swift */,
				18E48572287F19EB0052A6F2 /* UICatalogTabsViewController.swift */,
				18E48573287F19EB0052A6F2 /* UICatalogFilterViewController.swift */,
				18E48574287F19EB0052A6F2 /* UICatalogSectionTitleViewController.swift */,
				18E48575287F19EB0052A6F2 /* UICatalogCroutonViewController.swift */,
				18E48576287F19EB0052A6F2 /* UICatalogBadgeViewController.swift */,
				18E48577287F19EB0052A6F2 /* UICatalogHeaderViewController.swift */,
			);
			path = Components;
			sourceTree = "<group>";
		};
		B8E161F82546EF8300DA3743 /* Packages */ = {
			isa = PBXGroup;
			children = (
				B8E161F92546EF9500DA3743 /* mistica-ios */,
			);
			name = Packages;
			sourceTree = "<group>";
		};
		B8F98FE12546C95600DFBFE9 = {
			isa = PBXGroup;
			children = (
				B8F98FFD2546C98600DFBFE9 /* Source */,
				B8F990552546C99300DFBFE9 /* SupportFiles */,
				B8E161F82546EF8300DA3743 /* Packages */,
				B8F98FEB2546C95600DFBFE9 /* Products */,
				B8F990612546CAA500DFBFE9 /* Frameworks */,
			);
			sourceTree = "<group>";
		};
		B8F98FEB2546C95600DFBFE9 /* Products */ = {
			isa = PBXGroup;
			children = (
				B8F98FEA2546C95600DFBFE9 /* MisticaCatalog.app */,
			);
			name = Products;
			sourceTree = "<group>";
		};
		B8F98FFD2546C98600DFBFE9 /* Source */ = {
			isa = PBXGroup;
			children = (
				B8F990032546C98600DFBFE9 /* Assets.xcassets */,
				B8F98FFE2546C98600DFBFE9 /* LaunchScreen.storyboard */,
				B8F9902A2546C98600DFBFE9 /* AppDelegate.swift */,
				B8F990152546C98600DFBFE9 /* MisticaCatalogApp.swift */,
				B8F9902B2546C98600DFBFE9 /* ComponentsView.swift */,
				18E3452B289D46C5005E6D81 /* FontsView.swift */,
				1860058E28A136CE009C3778 /* ColorsView.swift */,
				B8F98FFF2546C98600DFBFE9 /* Catalog */,
				B8F990042546C98600DFBFE9 /* Styles */,
				B8F990062546C98600DFBFE9 /* Common */,
			);
			path = Source;
			sourceTree = "<group>";
		};
		B8F98FFF2546C98600DFBFE9 /* Catalog */ = {
			isa = PBXGroup;
			children = (
				18E48549287F19EB0052A6F2 /* CatalogList.swift */,
				18E17AEE288007340051E505 /* Framework.swift */,
				18E17AEC287FFFBF0051E505 /* CatalogRow.swift */,
				18E4855F287F19EB0052A6F2 /* Mistica */,
				18E48548287F19EB0052A6F2 /* MisticaSwiftUI */,
			);
			path = Catalog;
			sourceTree = "<group>";
		};
		B8F990042546C98600DFBFE9 /* Styles */ = {
			isa = PBXGroup;
			children = (
			);
			path = Styles;
			sourceTree = "<group>";
		};
		B8F990062546C98600DFBFE9 /* Common */ = {
			isa = PBXGroup;
			children = (
				B8F990072546C98600DFBFE9 /* CatalogAssets.swift */,
				B8F990082546C98600DFBFE9 /* Extensions */,
				B8F990102546C98600DFBFE9 /* Views */,
			);
			path = Common;
			sourceTree = "<group>";
		};
		B8F990082546C98600DFBFE9 /* Extensions */ = {
			isa = PBXGroup;
			children = (
				B8F990092546C98600DFBFE9 /* UIView+Utils.swift */,
				B8F9900B2546C98600DFBFE9 /* UITableView+Utils.swift */,
				B8F9900C2546C98600DFBFE9 /* UITableViewCell+Utils.swift */,
				B8F9900D2546C98600DFBFE9 /* Optional+Utils.swift */,
				B8F9900E2546C98600DFBFE9 /* UIImage+Utils.swift */,
				B8F9900F2546C98600DFBFE9 /* Bundle+MisticaCatalog.swift */,
			);
			path = Extensions;
			sourceTree = "<group>";
		};
		B8F990102546C98600DFBFE9 /* Views */ = {
			isa = PBXGroup;
			children = (
				B8F990112546C98600DFBFE9 /* UISwitchTableViewCell.swift */,
				B8F990122546C98600DFBFE9 /* DefaultTableHeaderView.swift */,
				B8F990132546C98600DFBFE9 /* UISegmentedControlTableViewCell.swift */,
				B8F990142546C98600DFBFE9 /* UITextFieldTableViewCell.swift */,
			);
			path = Views;
			sourceTree = "<group>";
		};
		B8F990552546C99300DFBFE9 /* SupportFiles */ = {
			isa = PBXGroup;
			children = (
				B8F990562546C99300DFBFE9 /* MisticaCatalogConfig.xcconfig */,
				B8F990572546C99300DFBFE9 /* Info.plist */,
			);
			path = SupportFiles;
			sourceTree = "<group>";
		};
		B8F990612546CAA500DFBFE9 /* Frameworks */ = {
			isa = PBXGroup;
			children = (
			);
			name = Frameworks;
			sourceTree = "<group>";
		};
/* End PBXGroup section */

/* Begin PBXNativeTarget section */
		B8F98FE92546C95600DFBFE9 /* MisticaCatalog */ = {
			isa = PBXNativeTarget;
			buildConfigurationList = B8F98FF92546C95800DFBFE9 /* Build configuration list for PBXNativeTarget "MisticaCatalog" */;
			buildPhases = (
				B8F98FE62546C95600DFBFE9 /* Sources */,
				B8F98FE72546C95600DFBFE9 /* Frameworks */,
				B8F98FE82546C95600DFBFE9 /* Resources */,
			);
			buildRules = (
			);
			dependencies = (
				18FB8A9D288067980043CA80 /* PBXTargetDependency */,
				18E42D48287F181700BB7B39 /* PBXTargetDependency */,
				18E42D4A287F181700BB7B39 /* PBXTargetDependency */,
			);
			name = MisticaCatalog;
			packageProductDependencies = (
				B8F990622546CAA500DFBFE9 /* Mistica */,
				B8EE89F12614B57600F79386 /* AppCenterDistribute */,
				1882EF40286EFF5F00F959FA /* MisticaSwiftUI */,
			);
			productName = MisticaCatalog;
			productReference = B8F98FEA2546C95600DFBFE9 /* MisticaCatalog.app */;
			productType = "com.apple.product-type.application";
		};
/* End PBXNativeTarget section */

/* Begin PBXProject section */
		B8F98FE22546C95600DFBFE9 /* Project object */ = {
			isa = PBXProject;
			attributes = {
				LastSwiftUpdateCheck = 1200;
				LastUpgradeCheck = 1200;
				TargetAttributes = {
					B8F98FE92546C95600DFBFE9 = {
						CreatedOnToolsVersion = 12.0;
					};
				};
			};
			buildConfigurationList = B8F98FE52546C95600DFBFE9 /* Build configuration list for PBXProject "MisticaCatalog" */;
			compatibilityVersion = "Xcode 9.3";
			developmentRegion = en;
			hasScannedForEncodings = 0;
			knownRegions = (
				en,
				Base,
			);
			mainGroup = B8F98FE12546C95600DFBFE9;
			packageReferences = (
				B8EE89F02614B57600F79386 /* XCRemoteSwiftPackageReference "appcenter-sdk-apple" */,
			);
			productRefGroup = B8F98FEB2546C95600DFBFE9 /* Products */;
			projectDirPath = "";
			projectRoot = "";
			targets = (
				B8F98FE92546C95600DFBFE9 /* MisticaCatalog */,
			);
		};
/* End PBXProject section */

/* Begin PBXResourcesBuildPhase section */
		B8F98FE82546C95600DFBFE9 /* Resources */ = {
			isa = PBXResourcesBuildPhase;
			buildActionMask = 2147483647;
			files = (
				B8F990302546C98700DFBFE9 /* Assets.xcassets in Resources */,
				B8F9902C2546C98600DFBFE9 /* LaunchScreen.storyboard in Resources */,
			);
			runOnlyForDeploymentPostprocessing = 0;
		};
/* End PBXResourcesBuildPhase section */

/* Begin PBXSourcesBuildPhase section */
		B8F98FE62546C95600DFBFE9 /* Sources */ = {
			isa = PBXSourcesBuildPhase;
			buildActionMask = 2147483647;
			files = (
				B8F9903B2546C98700DFBFE9 /* DefaultTableHeaderView.swift in Sources */,
				B8F990382546C98700DFBFE9 /* UIImage+Utils.swift in Sources */,
				18E4857E287F19EB0052A6F2 /* StepperCatalogVIew.swift in Sources */,
				18E4859D287F19EB0052A6F2 /* UICatalogCalloutViewController.swift in Sources */,
				18E48595287F19EB0052A6F2 /* UICatalogButtonsViewController.swift in Sources */,
				18E4859E287F19EB0052A6F2 /* UICatalogTagsViewController.swift in Sources */,
				18E4859C287F19EB0052A6F2 /* UICatalogControlsViewController.swift in Sources */,
				18E485A5287F19EB0052A6F2 /* UICatalogBadgeViewController.swift in Sources */,
				18E48581287F19EB0052A6F2 /* CalloutCatalogView.swift in Sources */,
				18E48584287F19EB0052A6F2 /* CarouselCatalogView.swift in Sources */,
				18E485A4287F19EB0052A6F2 /* UICatalogCroutonViewController.swift in Sources */,
				18E485A3287F19EB0052A6F2 /* UICatalogSectionTitleViewController.swift in Sources */,
				1860058F28A136CE009C3778 /* ColorsView.swift in Sources */,
				B8F9903D2546C98700DFBFE9 /* UITextFieldTableViewCell.swift in Sources */,
				18E48587287F19EB0052A6F2 /* DataCardCatalogView.swift in Sources */,
				B8F9903E2546C98700DFBFE9 /* MisticaCatalogApp.swift in Sources */,
				B8F990532546C98700DFBFE9 /* ComponentsView.swift in Sources */,
				B8F9903C2546C98700DFBFE9 /* UISegmentedControlTableViewCell.swift in Sources */,
				18E48591287F19EB0052A6F2 /* UICatalogHighlightedCardViewController.swift in Sources */,
				18E48582287F19EB0052A6F2 /* FeedbackCatalogView.swift in Sources */,
				B8F990522546C98700DFBFE9 /* AppDelegate.swift in Sources */,
				B8F990322546C98700DFBFE9 /* CatalogAssets.swift in Sources */,
				18E4859A287F19EB0052A6F2 /* UICatalogInputFieldsViewController.swift in Sources */,
				18E48589287F19EB0052A6F2 /* TabsCatalogView.swift in Sources */,
				18E48585287F19EB0052A6F2 /* ChipCatalogView.swift in Sources */,
				18E17AEF288007340051E505 /* Framework.swift in Sources */,
				18E4857D287F19EB0052A6F2 /* InputFieldCatalogView.swift in Sources */,
				18E48588287F19EB0052A6F2 /* CheckboxCatalogView.swift in Sources */,
				18E4857C287F19EB0052A6F2 /* View+Catalog.swift in Sources */,
				18E4857F287F19EB0052A6F2 /* EmptyStateCatalogView.swift in Sources */,
				18E4859F287F19EB0052A6F2 /* UICatalogPopoverViewController.swift in Sources */,
				B8F990392546C98700DFBFE9 /* Bundle+MisticaCatalog.swift in Sources */,
				18E17AED287FFFBF0051E505 /* CatalogRow.swift in Sources */,
				18E48598287F19EB0052A6F2 /* UICatalogStepperViewController.swift in Sources */,
				18E485A1287F19EB0052A6F2 /* UICatalogTabsViewController.swift in Sources */,
				18E48580287F19EB0052A6F2 /* SnackbarCatalogView.swift in Sources */,
				18E485A2287F19EB0052A6F2 /* UICatalogFilterViewController.swift in Sources */,
				18E48590287F19EB0052A6F2 /* UICatalogFeedbacksViewController.swift in Sources */,
				18E3452C289D46C5005E6D81 /* FontsView.swift in Sources */,
				18E48597287F19EB0052A6F2 /* UICatalogCardsViewController.swift in Sources */,
				18E48596287F19EB0052A6F2 /* UICatalogFormViewController.swift in Sources */,
				18E48592287F19EB0052A6F2 /* UICatalogDataCardViewController.swift in Sources */,
				18E4858B287F19EB0052A6F2 /* TagCatalogView.swift in Sources */,
				18E485A6287F19EB0052A6F2 /* UICatalogHeaderViewController.swift in Sources */,
				B8F990362546C98700DFBFE9 /* UITableViewCell+Utils.swift in Sources */,
				18E48593287F19EB0052A6F2 /* UICatalogEmptyStateViewController.swift in Sources */,
				B8F990332546C98700DFBFE9 /* UIView+Utils.swift in Sources */,
				18E4858A287F19EB0052A6F2 /* BadgeCatalogView.swift in Sources */,
				18E48583287F19EB0052A6F2 /* RadioButtonCatalogView.swift in Sources */,
				18E4858F287F19EB0052A6F2 /* UICatalogScrollContentIndicatorViewController.swift in Sources */,
				18E4857B287F19EB0052A6F2 /* CatalogList.swift in Sources */,
				18E48586287F19EB0052A6F2 /* ButtonCatalogView.swift in Sources */,
				B8F990372546C98700DFBFE9 /* Optional+Utils.swift in Sources */,
				B8F9903A2546C98700DFBFE9 /* UISwitchTableViewCell.swift in Sources */,
				18E4859B287F19EB0052A6F2 /* UICatalogViewStatesViewController.swift in Sources */,
				18E485A0287F19EB0052A6F2 /* UICatalogListsViewController.swift in Sources */,
				18E4858C287F19EB0052A6F2 /* ListCatalogView.swift in Sources */,
				B8F990352546C98700DFBFE9 /* UITableView+Utils.swift in Sources */,
				18E48594287F19EB0052A6F2 /* UICatalogMediaCardViewController.swift in Sources */,
			);
			runOnlyForDeploymentPostprocessing = 0;
		};
/* End PBXSourcesBuildPhase section */

/* Begin PBXTargetDependency section */
		18E42D48287F181700BB7B39 /* PBXTargetDependency */ = {
			isa = PBXTargetDependency;
			productRef = 18E42D47287F181700BB7B39 /* Mistica */;
		};
		18E42D4A287F181700BB7B39 /* PBXTargetDependency */ = {
			isa = PBXTargetDependency;
			productRef = 18E42D49287F181700BB7B39 /* MisticaSwiftUI */;
		};
		18FB8A9D288067980043CA80 /* PBXTargetDependency */ = {
			isa = PBXTargetDependency;
			productRef = 18FB8A9C288067980043CA80 /* MisticaCommon */;
		};
/* End PBXTargetDependency section */

/* Begin XCBuildConfiguration section */
		B8F98FF72546C95800DFBFE9 /* Debug */ = {
			isa = XCBuildConfiguration;
			baseConfigurationReference = B8F990562546C99300DFBFE9 /* MisticaCatalogConfig.xcconfig */;
			buildSettings = {
				ALWAYS_SEARCH_USER_PATHS = NO;
				CLANG_ANALYZER_NONNULL = YES;
				CLANG_ANALYZER_NUMBER_OBJECT_CONVERSION = YES_AGGRESSIVE;
				CLANG_CXX_LANGUAGE_STANDARD = "gnu++14";
				CLANG_CXX_LIBRARY = "libc++";
				CLANG_ENABLE_MODULES = YES;
				CLANG_ENABLE_OBJC_ARC = YES;
				CLANG_ENABLE_OBJC_WEAK = YES;
				CLANG_WARN_BLOCK_CAPTURE_AUTORELEASING = YES;
				CLANG_WARN_BOOL_CONVERSION = YES;
				CLANG_WARN_COMMA = YES;
				CLANG_WARN_CONSTANT_CONVERSION = YES;
				CLANG_WARN_DEPRECATED_OBJC_IMPLEMENTATIONS = YES;
				CLANG_WARN_DIRECT_OBJC_ISA_USAGE = YES_ERROR;
				CLANG_WARN_DOCUMENTATION_COMMENTS = YES;
				CLANG_WARN_EMPTY_BODY = YES;
				CLANG_WARN_ENUM_CONVERSION = YES;
				CLANG_WARN_INFINITE_RECURSION = YES;
				CLANG_WARN_INT_CONVERSION = YES;
				CLANG_WARN_NON_LITERAL_NULL_CONVERSION = YES;
				CLANG_WARN_OBJC_IMPLICIT_RETAIN_SELF = YES;
				CLANG_WARN_OBJC_LITERAL_CONVERSION = YES;
				CLANG_WARN_OBJC_ROOT_CLASS = YES_ERROR;
				CLANG_WARN_QUOTED_INCLUDE_IN_FRAMEWORK_HEADER = YES;
				CLANG_WARN_RANGE_LOOP_ANALYSIS = YES;
				CLANG_WARN_STRICT_PROTOTYPES = YES;
				CLANG_WARN_SUSPICIOUS_MOVE = YES;
				CLANG_WARN_UNGUARDED_AVAILABILITY = YES_AGGRESSIVE;
				CLANG_WARN_UNREACHABLE_CODE = YES;
				CLANG_WARN__DUPLICATE_METHOD_MATCH = YES;
				COPY_PHASE_STRIP = NO;
				DEBUG_INFORMATION_FORMAT = dwarf;
				ENABLE_STRICT_OBJC_MSGSEND = YES;
				ENABLE_TESTABILITY = YES;
				GCC_C_LANGUAGE_STANDARD = gnu11;
				GCC_DYNAMIC_NO_PIC = NO;
				GCC_NO_COMMON_BLOCKS = YES;
				GCC_OPTIMIZATION_LEVEL = 0;
				GCC_PREPROCESSOR_DEFINITIONS = (
					"DEBUG=1",
					"$(inherited)",
				);
				GCC_WARN_64_TO_32_BIT_CONVERSION = YES;
				GCC_WARN_ABOUT_RETURN_TYPE = YES_ERROR;
				GCC_WARN_UNDECLARED_SELECTOR = YES;
				GCC_WARN_UNINITIALIZED_AUTOS = YES_AGGRESSIVE;
				GCC_WARN_UNUSED_FUNCTION = YES;
				GCC_WARN_UNUSED_VARIABLE = YES;
				IPHONEOS_DEPLOYMENT_TARGET = 14.0;
				MTL_ENABLE_DEBUG_INFO = INCLUDE_SOURCE;
				MTL_FAST_MATH = YES;
				ONLY_ACTIVE_ARCH = YES;
				SDKROOT = iphoneos;
				SWIFT_ACTIVE_COMPILATION_CONDITIONS = DEBUG;
				SWIFT_OPTIMIZATION_LEVEL = "-Onone";
			};
			name = Debug;
		};
		B8F98FF82546C95800DFBFE9 /* Release */ = {
			isa = XCBuildConfiguration;
			baseConfigurationReference = B8F990562546C99300DFBFE9 /* MisticaCatalogConfig.xcconfig */;
			buildSettings = {
				ALWAYS_SEARCH_USER_PATHS = NO;
				CLANG_ANALYZER_NONNULL = YES;
				CLANG_ANALYZER_NUMBER_OBJECT_CONVERSION = YES_AGGRESSIVE;
				CLANG_CXX_LANGUAGE_STANDARD = "gnu++14";
				CLANG_CXX_LIBRARY = "libc++";
				CLANG_ENABLE_MODULES = YES;
				CLANG_ENABLE_OBJC_ARC = YES;
				CLANG_ENABLE_OBJC_WEAK = YES;
				CLANG_WARN_BLOCK_CAPTURE_AUTORELEASING = YES;
				CLANG_WARN_BOOL_CONVERSION = YES;
				CLANG_WARN_COMMA = YES;
				CLANG_WARN_CONSTANT_CONVERSION = YES;
				CLANG_WARN_DEPRECATED_OBJC_IMPLEMENTATIONS = YES;
				CLANG_WARN_DIRECT_OBJC_ISA_USAGE = YES_ERROR;
				CLANG_WARN_DOCUMENTATION_COMMENTS = YES;
				CLANG_WARN_EMPTY_BODY = YES;
				CLANG_WARN_ENUM_CONVERSION = YES;
				CLANG_WARN_INFINITE_RECURSION = YES;
				CLANG_WARN_INT_CONVERSION = YES;
				CLANG_WARN_NON_LITERAL_NULL_CONVERSION = YES;
				CLANG_WARN_OBJC_IMPLICIT_RETAIN_SELF = YES;
				CLANG_WARN_OBJC_LITERAL_CONVERSION = YES;
				CLANG_WARN_OBJC_ROOT_CLASS = YES_ERROR;
				CLANG_WARN_QUOTED_INCLUDE_IN_FRAMEWORK_HEADER = YES;
				CLANG_WARN_RANGE_LOOP_ANALYSIS = YES;
				CLANG_WARN_STRICT_PROTOTYPES = YES;
				CLANG_WARN_SUSPICIOUS_MOVE = YES;
				CLANG_WARN_UNGUARDED_AVAILABILITY = YES_AGGRESSIVE;
				CLANG_WARN_UNREACHABLE_CODE = YES;
				CLANG_WARN__DUPLICATE_METHOD_MATCH = YES;
				COPY_PHASE_STRIP = NO;
				DEBUG_INFORMATION_FORMAT = "dwarf-with-dsym";
				ENABLE_NS_ASSERTIONS = NO;
				ENABLE_STRICT_OBJC_MSGSEND = YES;
				GCC_C_LANGUAGE_STANDARD = gnu11;
				GCC_NO_COMMON_BLOCKS = YES;
				GCC_WARN_64_TO_32_BIT_CONVERSION = YES;
				GCC_WARN_ABOUT_RETURN_TYPE = YES_ERROR;
				GCC_WARN_UNDECLARED_SELECTOR = YES;
				GCC_WARN_UNINITIALIZED_AUTOS = YES_AGGRESSIVE;
				GCC_WARN_UNUSED_FUNCTION = YES;
				GCC_WARN_UNUSED_VARIABLE = YES;
				IPHONEOS_DEPLOYMENT_TARGET = 14.0;
				MTL_ENABLE_DEBUG_INFO = NO;
				MTL_FAST_MATH = YES;
				SDKROOT = iphoneos;
				SWIFT_COMPILATION_MODE = wholemodule;
				SWIFT_OPTIMIZATION_LEVEL = "-O";
				VALIDATE_PRODUCT = YES;
			};
			name = Release;
		};
		B8F98FFA2546C95800DFBFE9 /* Debug */ = {
			isa = XCBuildConfiguration;
			buildSettings = {
				ASSETCATALOG_COMPILER_APPICON_NAME = AppIcon;
				ASSETCATALOG_COMPILER_GLOBAL_ACCENT_COLOR_NAME = AccentColor;
				CODE_SIGN_IDENTITY = "iPhone Developer";
				CODE_SIGN_STYLE = Manual;
				CURRENT_PROJECT_VERSION = "$(CURRENT_PROJECT_VERSION)";
				DEVELOPMENT_TEAM = JA666WMX28;
				ENABLE_PREVIEWS = YES;
				INFOPLIST_FILE = "$(SRCROOT)/SupportFiles/Info.plist";
				INFOPLIST_KEY_CFBundleDisplayName = MisticaCatalog;
				LD_RUNPATH_SEARCH_PATHS = (
					"$(inherited)",
					"@executable_path/Frameworks",
				);
				MARKETING_VERSION = "$(VERSION_NUMBER)";
				PRODUCT_BUNDLE_IDENTIFIER = com.telefonica.mistica.enterprise;
				PRODUCT_NAME = "$(TARGET_NAME)";
				PROVISIONING_PROFILE_SPECIFIER = "mistica-app-development";
				SWIFT_VERSION = 5.0;
			};
			name = Debug;
		};
		B8F98FFB2546C95800DFBFE9 /* Release */ = {
			isa = XCBuildConfiguration;
			buildSettings = {
				ASSETCATALOG_COMPILER_APPICON_NAME = AppIcon;
				ASSETCATALOG_COMPILER_GLOBAL_ACCENT_COLOR_NAME = AccentColor;
				CODE_SIGN_IDENTITY = "iPhone Distribution";
				CODE_SIGN_STYLE = Manual;
				CURRENT_PROJECT_VERSION = "$(CURRENT_PROJECT_VERSION)";
				DEVELOPMENT_TEAM = JA666WMX28;
				ENABLE_PREVIEWS = YES;
				INFOPLIST_FILE = "$(SRCROOT)/SupportFiles/Info.plist";
				INFOPLIST_KEY_CFBundleDisplayName = MisticaCatalog;
				LD_RUNPATH_SEARCH_PATHS = (
					"$(inherited)",
					"@executable_path/Frameworks",
				);
				MARKETING_VERSION = "$(VERSION_NUMBER)";
				PRODUCT_BUNDLE_IDENTIFIER = com.telefonica.mistica.enterprise;
				PRODUCT_NAME = "$(TARGET_NAME)";
				PROVISIONING_PROFILE_SPECIFIER = "mistica-app";
				SWIFT_VERSION = 5.0;
			};
			name = Release;
		};
/* End XCBuildConfiguration section */

/* Begin XCConfigurationList section */
		B8F98FE52546C95600DFBFE9 /* Build configuration list for PBXProject "MisticaCatalog" */ = {
			isa = XCConfigurationList;
			buildConfigurations = (
				B8F98FF72546C95800DFBFE9 /* Debug */,
				B8F98FF82546C95800DFBFE9 /* Release */,
			);
			defaultConfigurationIsVisible = 0;
			defaultConfigurationName = Release;
		};
		B8F98FF92546C95800DFBFE9 /* Build configuration list for PBXNativeTarget "MisticaCatalog" */ = {
			isa = XCConfigurationList;
			buildConfigurations = (
				B8F98FFA2546C95800DFBFE9 /* Debug */,
				B8F98FFB2546C95800DFBFE9 /* Release */,
			);
			defaultConfigurationIsVisible = 0;
			defaultConfigurationName = Release;
		};
/* End XCConfigurationList section */

/* Begin XCRemoteSwiftPackageReference section */
		B8EE89F02614B57600F79386 /* XCRemoteSwiftPackageReference "appcenter-sdk-apple" */ = {
			isa = XCRemoteSwiftPackageReference;
			repositoryURL = "https://github.com/microsoft/appcenter-sdk-apple";
			requirement = {
				kind = exactVersion;
				version = 4.3.0;
			};
		};
/* End XCRemoteSwiftPackageReference section */

/* Begin XCSwiftPackageProductDependency section */
		1882EF40286EFF5F00F959FA /* MisticaSwiftUI */ = {
			isa = XCSwiftPackageProductDependency;
			productName = MisticaSwiftUI;
		};
		18E42D47287F181700BB7B39 /* Mistica */ = {
			isa = XCSwiftPackageProductDependency;
			productName = Mistica;
		};
		18E42D49287F181700BB7B39 /* MisticaSwiftUI */ = {
			isa = XCSwiftPackageProductDependency;
			productName = MisticaSwiftUI;
		};
		18FB8A9C288067980043CA80 /* MisticaCommon */ = {
			isa = XCSwiftPackageProductDependency;
			productName = MisticaCommon;
		};
		B8EE89F12614B57600F79386 /* AppCenterDistribute */ = {
			isa = XCSwiftPackageProductDependency;
			package = B8EE89F02614B57600F79386 /* XCRemoteSwiftPackageReference "appcenter-sdk-apple" */;
			productName = AppCenterDistribute;
		};
		B8F990622546CAA500DFBFE9 /* Mistica */ = {
			isa = XCSwiftPackageProductDependency;
			productName = Mistica;
		};
/* End XCSwiftPackageProductDependency section */
	};
	rootObject = B8F98FE22546C95600DFBFE9 /* Project object */;
}
