// !$*UTF8*$!
{
	archiveVersion = 1;
	classes = {
	};
	objectVersion = 71;
	objects = {

/* Begin PBXBuildFile section */
		B8F990632546CAA500DFBFE9 /* Mistica in Frameworks */ = {isa = PBXBuildFile; productRef = B8F990622546CAA500DFBFE9 /* Mistica */; };
/* End PBXBuildFile section */

/* Begin PBXFileReference section */
		B8E161F92546EF9500DA3743 /* mistica-ios */ = {isa = PBXFileReference; lastKnownFileType = folder; name = "mistica-ios"; path = ..; sourceTree = "<group>"; };
		B8F98FEA2546C95600DFBFE9 /* MisticaCatalog.app */ = {isa = PBXFileReference; explicitFileType = wrapper.application; includeInIndex = 0; path = MisticaCatalog.app; sourceTree = BUILT_PRODUCTS_DIR; };
/* End PBXFileReference section */

/* Begin PBXFileSystemSynchronizedBuildFileExceptionSet section */
		84B6C4042D5E4342000BC0C9 /* PBXFileSystemSynchronizedBuildFileExceptionSet */ = {
			isa = PBXFileSystemSynchronizedBuildFileExceptionSet;
			membershipExceptions = (
				Samples/airpods.mp4,
			);
			target = B8F98FE92546C95600DFBFE9 /* MisticaCatalog */;
		};
/* End PBXFileSystemSynchronizedBuildFileExceptionSet section */

/* Begin PBXFileSystemSynchronizedRootGroup section */
		84AF0FB42D5F956200630E1B /* Source */ = {isa = PBXFileSystemSynchronizedRootGroup; explicitFileTypes = {}; explicitFolders = (); path = Source; sourceTree = "<group>"; };
		84B6C4022D5E4341000BC0C9 /* SupportFiles */ = {isa = PBXFileSystemSynchronizedRootGroup; exceptions = (84B6C4042D5E4342000BC0C9 /* PBXFileSystemSynchronizedBuildFileExceptionSet */, ); explicitFileTypes = {}; explicitFolders = (); path = SupportFiles; sourceTree = "<group>"; };
		84B6C4102D5E4349000BC0C9 /* Resources */ = {isa = PBXFileSystemSynchronizedRootGroup; explicitFileTypes = {}; explicitFolders = (); path = Resources; sourceTree = "<group>"; };
/* End PBXFileSystemSynchronizedRootGroup section */

/* Begin PBXFrameworksBuildPhase section */
		B8F98FE72546C95600DFBFE9 /* Frameworks */ = {
			isa = PBXFrameworksBuildPhase;
			buildActionMask = 2147483647;
			files = (
				B8F990632546CAA500DFBFE9 /* Mistica in Frameworks */,
			);
			runOnlyForDeploymentPostprocessing = 0;
		};
/* End PBXFrameworksBuildPhase section */

/* Begin PBXGroup section */
		B8E161F82546EF8300DA3743 /* Packages */ = {
			isa = PBXGroup;
			children = (
				B8E161F92546EF9500DA3743 /* mistica-ios */,
			);
			name = Packages;
			sourceTree = "<group>";
		};
		B8F98FE12546C95600DFBFE9 = {
			isa = PBXGroup;
			children = (
				84AF0FB42D5F956200630E1B /* Source */,
				84B6C4022D5E4341000BC0C9 /* SupportFiles */,
				84B6C4102D5E4349000BC0C9 /* Resources */,
				B8E161F82546EF8300DA3743 /* Packages */,
				B8F98FEB2546C95600DFBFE9 /* Products */,
				B8F990612546CAA500DFBFE9 /* Frameworks */,
			);
			sourceTree = "<group>";
		};
		B8F98FEB2546C95600DFBFE9 /* Products */ = {
			isa = PBXGroup;
			children = (
				B8F98FEA2546C95600DFBFE9 /* MisticaCatalog.app */,
			);
			name = Products;
			sourceTree = "<group>";
		};
		B8F990612546CAA500DFBFE9 /* Frameworks */ = {
			isa = PBXGroup;
			children = (
			);
			name = Frameworks;
			sourceTree = "<group>";
		};
/* End PBXGroup section */

/* Begin PBXNativeTarget section */
		B8F98FE92546C95600DFBFE9 /* MisticaCatalog */ = {
			isa = PBXNativeTarget;
			buildConfigurationList = B8F98FF92546C95800DFBFE9 /* Build configuration list for PBXNativeTarget "MisticaCatalog" */;
			buildPhases = (
				B8F98FE62546C95600DFBFE9 /* Sources */,
				B8F98FE72546C95600DFBFE9 /* Frameworks */,
				B8F98FE82546C95600DFBFE9 /* Resources */,
			);
			buildRules = (
			);
			dependencies = (
				18FB8A9D288067980043CA80 /* PBXTargetDependency */,
				18E42D48287F181700BB7B39 /* PBXTargetDependency */,
				18E42D4A287F181700BB7B39 /* PBXTargetDependency */,
			);
			fileSystemSynchronizedGroups = (
				84AF0FB42D5F956200630E1B /* Source */,
				84B6C4102D5E4349000BC0C9 /* Resources */,
			);
			name = MisticaCatalog;
			packageProductDependencies = (
				B8F990622546CAA500DFBFE9 /* Mistica */,
			);
			productName = MisticaCatalog;
			productReference = B8F98FEA2546C95600DFBFE9 /* MisticaCatalog.app */;
			productType = "com.apple.product-type.application";
		};
/* End PBXNativeTarget section */

/* Begin PBXProject section */
		B8F98FE22546C95600DFBFE9 /* Project object */ = {
			isa = PBXProject;
			attributes = {
				LastSwiftUpdateCheck = 1200;
				LastUpgradeCheck = 1200;
				TargetAttributes = {
					B8F98FE92546C95600DFBFE9 = {
						CreatedOnToolsVersion = 12.0;
					};
				};
			};
			buildConfigurationList = B8F98FE52546C95600DFBFE9 /* Build configuration list for PBXProject "MisticaCatalog" */;
			compatibilityVersion = "Xcode 9.3";
			developmentRegion = en;
			hasScannedForEncodings = 0;
			knownRegions = (
				en,
				Base,
			);
			mainGroup = B8F98FE12546C95600DFBFE9;
			packageReferences = (
			);
			productRefGroup = B8F98FEB2546C95600DFBFE9 /* Products */;
			projectDirPath = "";
			projectRoot = "";
			targets = (
				B8F98FE92546C95600DFBFE9 /* MisticaCatalog */,
			);
		};
/* End PBXProject section */

/* Begin PBXResourcesBuildPhase section */
		B8F98FE82546C95600DFBFE9 /* Resources */ = {
			isa = PBXResourcesBuildPhase;
			buildActionMask = 2147483647;
			files = (
			);
			runOnlyForDeploymentPostprocessing = 0;
		};
/* End PBXResourcesBuildPhase section */

/* Begin PBXSourcesBuildPhase section */
		B8F98FE62546C95600DFBFE9 /* Sources */ = {
			isa = PBXSourcesBuildPhase;
			buildActionMask = 2147483647;
			files = (
			);
			runOnlyForDeploymentPostprocessing = 0;
		};
/* End PBXSourcesBuildPhase section */

/* Begin PBXTargetDependency section */
		18E42D48287F181700BB7B39 /* PBXTargetDependency */ = {
			isa = PBXTargetDependency;
			productRef = 18E42D47287F181700BB7B39 /* Mistica */;
		};
		18E42D4A287F181700BB7B39 /* PBXTargetDependency */ = {
			isa = PBXTargetDependency;
			productRef = 18E42D49287F181700BB7B39 /* MisticaSwiftUI */;
		};
		18FB8A9D288067980043CA80 /* PBXTargetDependency */ = {
			isa = PBXTargetDependency;
			productRef = 18FB8A9C288067980043CA80 /* MisticaCommon */;
		};
/* End PBXTargetDependency section */

/* Begin XCBuildConfiguration section */
		B8F98FF72546C95800DFBFE9 /* Debug */ = {
			isa = XCBuildConfiguration;
			baseConfigurationReferenceAnchor = 84B6C4022D5E4341000BC0C9 /* SupportFiles */;
			baseConfigurationReferenceRelativePath = MisticaCatalogConfig.xcconfig;
			buildSettings = {
				ALWAYS_SEARCH_USER_PATHS = NO;
				CLANG_ANALYZER_NONNULL = YES;
				CLANG_ANALYZER_NUMBER_OBJECT_CONVERSION = YES_AGGRESSIVE;
				CLANG_CXX_LANGUAGE_STANDARD = "gnu++14";
				CLANG_CXX_LIBRARY = "libc++";
				CLANG_ENABLE_MODULES = YES;
				CLANG_ENABLE_OBJC_ARC = YES;
				CLANG_ENABLE_OBJC_WEAK = YES;
				CLANG_WARN_BLOCK_CAPTURE_AUTORELEASING = YES;
				CLANG_WARN_BOOL_CONVERSION = YES;
				CLANG_WARN_COMMA = YES;
				CLANG_WARN_CONSTANT_CONVERSION = YES;
				CLANG_WARN_DEPRECATED_OBJC_IMPLEMENTATIONS = YES;
				CLANG_WARN_DIRECT_OBJC_ISA_USAGE = YES_ERROR;
				CLANG_WARN_DOCUMENTATION_COMMENTS = YES;
				CLANG_WARN_EMPTY_BODY = YES;
				CLANG_WARN_ENUM_CONVERSION = YES;
				CLANG_WARN_INFINITE_RECURSION = YES;
				CLANG_WARN_INT_CONVERSION = YES;
				CLANG_WARN_NON_LITERAL_NULL_CONVERSION = YES;
				CLANG_WARN_OBJC_IMPLICIT_RETAIN_SELF = YES;
				CLANG_WARN_OBJC_LITERAL_CONVERSION = YES;
				CLANG_WARN_OBJC_ROOT_CLASS = YES_ERROR;
				CLANG_WARN_QUOTED_INCLUDE_IN_FRAMEWORK_HEADER = YES;
				CLANG_WARN_RANGE_LOOP_ANALYSIS = YES;
				CLANG_WARN_STRICT_PROTOTYPES = YES;
				CLANG_WARN_SUSPICIOUS_MOVE = YES;
				CLANG_WARN_UNGUARDED_AVAILABILITY = YES_AGGRESSIVE;
				CLANG_WARN_UNREACHABLE_CODE = YES;
				CLANG_WARN__DUPLICATE_METHOD_MATCH = YES;
				COPY_PHASE_STRIP = NO;
				DEBUG_INFORMATION_FORMAT = dwarf;
				ENABLE_STRICT_OBJC_MSGSEND = YES;
				ENABLE_TESTABILITY = YES;
				GCC_C_LANGUAGE_STANDARD = gnu11;
				GCC_DYNAMIC_NO_PIC = NO;
				GCC_NO_COMMON_BLOCKS = YES;
				GCC_OPTIMIZATION_LEVEL = 0;
				GCC_PREPROCESSOR_DEFINITIONS = (
					"DEBUG=1",
					"$(inherited)",
				);
				GCC_WARN_64_TO_32_BIT_CONVERSION = YES;
				GCC_WARN_ABOUT_RETURN_TYPE = YES_ERROR;
				GCC_WARN_UNDECLARED_SELECTOR = YES;
				GCC_WARN_UNINITIALIZED_AUTOS = YES_AGGRESSIVE;
				GCC_WARN_UNUSED_FUNCTION = YES;
				GCC_WARN_UNUSED_VARIABLE = YES;
				IPHONEOS_DEPLOYMENT_TARGET = 14.0;
				MTL_ENABLE_DEBUG_INFO = INCLUDE_SOURCE;
				MTL_FAST_MATH = YES;
				ONLY_ACTIVE_ARCH = YES;
				SDKROOT = iphoneos;
				SWIFT_ACTIVE_COMPILATION_CONDITIONS = DEBUG;
				SWIFT_OPTIMIZATION_LEVEL = "-Onone";
				SWIFT_VERSION = 6.0;
			};
			name = Debug;
		};
		B8F98FF82546C95800DFBFE9 /* Release */ = {
			isa = XCBuildConfiguration;
			baseConfigurationReferenceAnchor = 84B6C4022D5E4341000BC0C9 /* SupportFiles */;
			baseConfigurationReferenceRelativePath = MisticaCatalogConfig.xcconfig;
			buildSettings = {
				ALWAYS_SEARCH_USER_PATHS = NO;
				CLANG_ANALYZER_NONNULL = YES;
				CLANG_ANALYZER_NUMBER_OBJECT_CONVERSION = YES_AGGRESSIVE;
				CLANG_CXX_LANGUAGE_STANDARD = "gnu++14";
				CLANG_CXX_LIBRARY = "libc++";
				CLANG_ENABLE_MODULES = YES;
				CLANG_ENABLE_OBJC_ARC = YES;
				CLANG_ENABLE_OBJC_WEAK = YES;
				CLANG_WARN_BLOCK_CAPTURE_AUTORELEASING = YES;
				CLANG_WARN_BOOL_CONVERSION = YES;
				CLANG_WARN_COMMA = YES;
				CLANG_WARN_CONSTANT_CONVERSION = YES;
				CLANG_WARN_DEPRECATED_OBJC_IMPLEMENTATIONS = YES;
				CLANG_WARN_DIRECT_OBJC_ISA_USAGE = YES_ERROR;
				CLANG_WARN_DOCUMENTATION_COMMENTS = YES;
				CLANG_WARN_EMPTY_BODY = YES;
				CLANG_WARN_ENUM_CONVERSION = YES;
				CLANG_WARN_INFINITE_RECURSION = YES;
				CLANG_WARN_INT_CONVERSION = YES;
				CLANG_WARN_NON_LITERAL_NULL_CONVERSION = YES;
				CLANG_WARN_OBJC_IMPLICIT_RETAIN_SELF = YES;
				CLANG_WARN_OBJC_LITERAL_CONVERSION = YES;
				CLANG_WARN_OBJC_ROOT_CLASS = YES_ERROR;
				CLANG_WARN_QUOTED_INCLUDE_IN_FRAMEWORK_HEADER = YES;
				CLANG_WARN_RANGE_LOOP_ANALYSIS = YES;
				CLANG_WARN_STRICT_PROTOTYPES = YES;
				CLANG_WARN_SUSPICIOUS_MOVE = YES;
				CLANG_WARN_UNGUARDED_AVAILABILITY = YES_AGGRESSIVE;
				CLANG_WARN_UNREACHABLE_CODE = YES;
				CLANG_WARN__DUPLICATE_METHOD_MATCH = YES;
				COPY_PHASE_STRIP = NO;
				DEBUG_INFORMATION_FORMAT = "dwarf-with-dsym";
				ENABLE_NS_ASSERTIONS = NO;
				ENABLE_STRICT_OBJC_MSGSEND = YES;
				GCC_C_LANGUAGE_STANDARD = gnu11;
				GCC_NO_COMMON_BLOCKS = YES;
				GCC_WARN_64_TO_32_BIT_CONVERSION = YES;
				GCC_WARN_ABOUT_RETURN_TYPE = YES_ERROR;
				GCC_WARN_UNDECLARED_SELECTOR = YES;
				GCC_WARN_UNINITIALIZED_AUTOS = YES_AGGRESSIVE;
				GCC_WARN_UNUSED_FUNCTION = YES;
				GCC_WARN_UNUSED_VARIABLE = YES;
				IPHONEOS_DEPLOYMENT_TARGET = 14.0;
				MTL_ENABLE_DEBUG_INFO = NO;
				MTL_FAST_MATH = YES;
				SDKROOT = iphoneos;
				SWIFT_COMPILATION_MODE = wholemodule;
				SWIFT_OPTIMIZATION_LEVEL = "-O";
				SWIFT_VERSION = 6.0;
				VALIDATE_PRODUCT = YES;
			};
			name = Release;
		};
		B8F98FFA2546C95800DFBFE9 /* Debug */ = {
			isa = XCBuildConfiguration;
			baseConfigurationReferenceAnchor = 84B6C4022D5E4341000BC0C9 /* SupportFiles */;
			baseConfigurationReferenceRelativePath = MisticaCatalogConfig.xcconfig;
			buildSettings = {
				ASSETCATALOG_COMPILER_APPICON_NAME = AppIcon;
				ASSETCATALOG_COMPILER_GLOBAL_ACCENT_COLOR_NAME = AccentColor;
				CODE_SIGN_IDENTITY = "iPhone Developer";
				CODE_SIGN_STYLE = Manual;
				CURRENT_PROJECT_VERSION = "$(CURRENT_PROJECT_VERSION)";
				DEVELOPMENT_TEAM = GFMF97LQSW;
				ENABLE_PREVIEWS = YES;
				INFOPLIST_FILE = "$(SRCROOT)/SupportFiles/Info.plist";
				INFOPLIST_KEY_CFBundleDisplayName = MisticaCatalog;
				LD_RUNPATH_SEARCH_PATHS = (
					"$(inherited)",
					"@executable_path/Frameworks",
				);
				MARKETING_VERSION = "$(VERSION_NUMBER)";
				PRODUCT_BUNDLE_IDENTIFIER = com.tid.mistica.enterprise;
				PRODUCT_NAME = "$(TARGET_NAME)";
				PROVISIONING_PROFILE_SPECIFIER = "development-mistica";
				SWIFT_VERSION = 6.0;
			};
			name = Debug;
		};
		B8F98FFB2546C95800DFBFE9 /* Release */ = {
			isa = XCBuildConfiguration;
			baseConfigurationReferenceAnchor = 84B6C4022D5E4341000BC0C9 /* SupportFiles */;
			baseConfigurationReferenceRelativePath = MisticaCatalogConfig.xcconfig;
			buildSettings = {
				ASSETCATALOG_COMPILER_APPICON_NAME = AppIcon;
				ASSETCATALOG_COMPILER_GLOBAL_ACCENT_COLOR_NAME = AccentColor;
				CODE_SIGN_IDENTITY = "iPhone Distribution";
				CODE_SIGN_STYLE = Manual;
				CURRENT_PROJECT_VERSION = "$(CURRENT_PROJECT_VERSION)";
				DEVELOPMENT_TEAM = GFMF97LQSW;
				ENABLE_PREVIEWS = YES;
				INFOPLIST_FILE = "$(SRCROOT)/SupportFiles/Info.plist";
				INFOPLIST_KEY_CFBundleDisplayName = MisticaCatalog;
				LD_RUNPATH_SEARCH_PATHS = (
					"$(inherited)",
					"@executable_path/Frameworks",
				);
				MARKETING_VERSION = "$(VERSION_NUMBER)";
				PRODUCT_BUNDLE_IDENTIFIER = com.tid.mistica.enterprise;
				PRODUCT_NAME = "$(TARGET_NAME)";
				PROVISIONING_PROFILE_SPECIFIER = "distribution-mistica";
				SWIFT_VERSION = 6.0;
			};
			name = Release;
		};
/* End XCBuildConfiguration section */

/* Begin XCConfigurationList section */
		B8F98FE52546C95600DFBFE9 /* Build configuration list for PBXProject "MisticaCatalog" */ = {
			isa = XCConfigurationList;
			buildConfigurations = (
				B8F98FF72546C95800DFBFE9 /* Debug */,
				B8F98FF82546C95800DFBFE9 /* Release */,
			);
			defaultConfigurationIsVisible = 0;
			defaultConfigurationName = Release;
		};
		B8F98FF92546C95800DFBFE9 /* Build configuration list for PBXNativeTarget "MisticaCatalog" */ = {
			isa = XCConfigurationList;
			buildConfigurations = (
				B8F98FFA2546C95800DFBFE9 /* Debug */,
				B8F98FFB2546C95800DFBFE9 /* Release */,
			);
			defaultConfigurationIsVisible = 0;
			defaultConfigurationName = Release;
		};
/* End XCConfigurationList section */

/* Begin XCSwiftPackageProductDependency section */
		18E42D47287F181700BB7B39 /* Mistica */ = {
			isa = XCSwiftPackageProductDependency;
			productName = Mistica;
		};
		18E42D49287F181700BB7B39 /* MisticaSwiftUI */ = {
			isa = XCSwiftPackageProductDependency;
			productName = MisticaSwiftUI;
		};
		18FB8A9C288067980043CA80 /* MisticaCommon */ = {
			isa = XCSwiftPackageProductDependency;
			productName = MisticaCommon;
		};
		B8F990622546CAA500DFBFE9 /* Mistica */ = {
			isa = XCSwiftPackageProductDependency;
			productName = Mistica;
		};
/* End XCSwiftPackageProductDependency section */
	};
	rootObject = B8F98FE22546C95600DFBFE9 /* Project object */;
}
